{
  "originHash" : "5b3200dcd6c8794f4639f5e6eaeb4953239cf2b830e81de3d2743fe5480b7515",
  "pins" : [
    {
      "identity" : "factory",
      "kind" : "remoteSourceControl",
      "location" : "https://github.com/hmlongco/Factory.git",
      "state" : {
        "revision" : "587995f7d5cc667951d635fbf6b4252324ba0439",
        "version" : "2.3.2"
      }
    },
    {
      "identity" : "systemnotification",
      "kind" : "remoteSourceControl",
      "location" : "https://github.com/danielsaidi/SystemNotification.git",
      "state" : {
        "revision" : "c0d2dbd7c0320656728a0e876bf552f959e0e5a2",
        "version" : "1.1.1"
      }
    }
  ],
  "version" : 3
}
