{
  "originHash" : "535202ad1d6898bf84c620ccf10af5e936c7ec7a31237c844612aa0861c6b0e3",
  "pins" : [
    {
      "identity" : "factory",
      "kind" : "remoteSourceControl",
      "location" : "https://github.com/hmlongco/Factory.git",
      "state" : {
        "revision" : "587995f7d5cc667951d635fbf6b4252324ba0439",
        "version" : "2.3.2"
      }
    },
    {
      "identity" : "swiftuix",
      "kind" : "remoteSourceControl",
      "location" : "https://github.com/SwiftUIX/SwiftUIX.git",
      "state" : {
        "revision" : "ff1176d8c06c2ac81db3dfd36c63ec8a9c2ccbca",
        "version" : "0.2.1"
      }
    }
  ],
  "version" : 3
}
