// !$*UTF8*$!
{
	archiveVersion = 1;
	classes = {
	};
	objectVersion = 56;
	objects = {

/* Begin PBXBuildFile section */
		0D0DE2D62C32DEB100C54B0C /* Factory in Frameworks */ = {isa = PBXBuildFile; productRef = 0D0DE2D52C32DEB100C54B0C /* Factory */; };
		0D0DE2D82C32DEE900C54B0C /* Factory in Frameworks */ = {isa = PBXBuildFile; productRef = 0D0DE2D72C32DEE900C54B0C /* Factory */; };
		0D0DE2DA2C32DF1F00C54B0C /* ScenesContainer.swift in Sources */ = {isa = PBXBuildFile; fileRef = 0D0DE2D92C32DF1F00C54B0C /* ScenesContainer.swift */; };
		0D0FE4A42C7772C1002E001B /* IconLabelGroupBox.swift in Sources */ = {isa = PBXBuildFile; fileRef = 0D0FE4A32C7772C1002E001B /* IconLabelGroupBox.swift */; };
		0D1016F22C57B229008AF31D /* HealthKitService.swift in Sources */ = {isa = PBXBuildFile; fileRef = 0D1016F12C57B229008AF31D /* HealthKitService.swift */; };
		0D2F82052C46653E0004CD34 /* RootView.swift in Sources */ = {isa = PBXBuildFile; fileRef = 0D2F82042C46653E0004CD34 /* RootView.swift */; };
		0D2F82072C46654B0004CD34 /* RootViewModel.swift in Sources */ = {isa = PBXBuildFile; fileRef = 0D2F82062C46654B0004CD34 /* RootViewModel.swift */; };
		0D34C45E2C83683200928C53 /* SaveReviewUseCase.swift in Sources */ = {isa = PBXBuildFile; fileRef = 0D34C45D2C83683200928C53 /* SaveReviewUseCase.swift */; };
		0D34C4612C837F4400928C53 /* StepsWidget.swift in Sources */ = {isa = PBXBuildFile; fileRef = 0D34C4602C837F4400928C53 /* StepsWidget.swift */; };
		0D34C4632C837F7D00928C53 /* HeartRateWidget.swift in Sources */ = {isa = PBXBuildFile; fileRef = 0D34C4622C837F7D00928C53 /* HeartRateWidget.swift */; };
		0D34C4652C837FE100928C53 /* ReviewsWidget.swift in Sources */ = {isa = PBXBuildFile; fileRef = 0D34C4642C837FE100928C53 /* ReviewsWidget.swift */; };
		0D34C4672C838BD700928C53 /* AlarmTypeWidget.swift in Sources */ = {isa = PBXBuildFile; fileRef = 0D34C4662C838BD700928C53 /* AlarmTypeWidget.swift */; };
		0D456AB02C7D07460014CD81 /* FetchReviewsUseCase.swift in Sources */ = {isa = PBXBuildFile; fileRef = 0D456AAF2C7D07460014CD81 /* FetchReviewsUseCase.swift */; };
		0D456AB22C7D077C0014CD81 /* FetchReviewRemindersUseCase.swift in Sources */ = {isa = PBXBuildFile; fileRef = 0D456AB12C7D077C0014CD81 /* FetchReviewRemindersUseCase.swift */; };
		0D456AB62C7D0F2B0014CD81 /* Icon.swift in Sources */ = {isa = PBXBuildFile; fileRef = 0D456AB52C7D0F2B0014CD81 /* Icon.swift */; };
		0D456ABD2C808FA40014CD81 /* ReviewsListView.swift in Sources */ = {isa = PBXBuildFile; fileRef = 0D456ABC2C808FA40014CD81 /* ReviewsListView.swift */; };
		0D456ABF2C80F1BC0014CD81 /* Previewer.swift in Sources */ = {isa = PBXBuildFile; fileRef = 0D456ABE2C80F1BC0014CD81 /* Previewer.swift */; };
		0D456AC02C80F1BC0014CD81 /* Previewer.swift in Sources */ = {isa = PBXBuildFile; fileRef = 0D456ABE2C80F1BC0014CD81 /* Previewer.swift */; };
		0D456AC12C80F1BC0014CD81 /* Previewer.swift in Sources */ = {isa = PBXBuildFile; fileRef = 0D456ABE2C80F1BC0014CD81 /* Previewer.swift */; };
		0D456AC22C80F1BC0014CD81 /* Previewer.swift in Sources */ = {isa = PBXBuildFile; fileRef = 0D456ABE2C80F1BC0014CD81 /* Previewer.swift */; };
		0D4EBE342C72784A00C1865D /* AlarmTypeView.swift in Sources */ = {isa = PBXBuildFile; fileRef = 0D4EBE332C72784A00C1865D /* AlarmTypeView.swift */; };
		0D4EBE362C727B6200C1865D /* InfoSheet.swift in Sources */ = {isa = PBXBuildFile; fileRef = 0D4EBE352C727B6200C1865D /* InfoSheet.swift */; };
		0D4EBE392C727C7A00C1865D /* MeasurementTypeView.swift in Sources */ = {isa = PBXBuildFile; fileRef = 0D4EBE382C727C7A00C1865D /* MeasurementTypeView.swift */; };
		0D4EBE402C727E9F00C1865D /* ThresholdView.swift in Sources */ = {isa = PBXBuildFile; fileRef = 0D4EBE3F2C727E9F00C1865D /* ThresholdView.swift */; };
		0D4EBE462C727F8900C1865D /* IntervalView.swift in Sources */ = {isa = PBXBuildFile; fileRef = 0D4EBE452C727F8900C1865D /* IntervalView.swift */; };
		0D4EBE4C2C72865F00C1865D /* SummaryView.swift in Sources */ = {isa = PBXBuildFile; fileRef = 0D4EBE4B2C72865F00C1865D /* SummaryView.swift */; };
		0D500FC22C7355BD00395AEB /* NotificationService.swift in Sources */ = {isa = PBXBuildFile; fileRef = 0D500FC12C7355BD00395AEB /* NotificationService.swift */; };
		0D500FC42C73560A00395AEB /* NotificationService.swift in Sources */ = {isa = PBXBuildFile; fileRef = 0D500FC32C73560A00395AEB /* NotificationService.swift */; };
		0D500FC62C73567700395AEB /* TriggerWatchNotificationUseCase.swift in Sources */ = {isa = PBXBuildFile; fileRef = 0D500FC52C73567700395AEB /* TriggerWatchNotificationUseCase.swift */; };
		0D500FC82C73582A00395AEB /* InitializeNotificationsUseCase.swift in Sources */ = {isa = PBXBuildFile; fileRef = 0D500FC72C73582A00395AEB /* InitializeNotificationsUseCase.swift */; };
		0D500FCA2C7376A700395AEB /* Message.swift in Sources */ = {isa = PBXBuildFile; fileRef = 0D500FC92C7376A700395AEB /* Message.swift */; };
		0D500FCB2C7376A700395AEB /* Message.swift in Sources */ = {isa = PBXBuildFile; fileRef = 0D500FC92C7376A700395AEB /* Message.swift */; };
		0D500FD82C7492F700395AEB /* SystemNotification in Frameworks */ = {isa = PBXBuildFile; productRef = 0D500FD72C7492F700395AEB /* SystemNotification */; };
		0D500FE32C7498E300395AEB /* ReviewCategoryView.swift in Sources */ = {isa = PBXBuildFile; fileRef = 0D500FE22C7498E300395AEB /* ReviewCategoryView.swift */; };
		0D500FE52C749A3000395AEB /* ReviewSubcategoryView.swift in Sources */ = {isa = PBXBuildFile; fileRef = 0D500FE42C749A3000395AEB /* ReviewSubcategoryView.swift */; };
		0D500FE82C749AA300395AEB /* RatingSelectionView.swift in Sources */ = {isa = PBXBuildFile; fileRef = 0D500FE72C749AA300395AEB /* RatingSelectionView.swift */; };
		0D500FEB2C749B2700395AEB /* ReviewMoodView.swift in Sources */ = {isa = PBXBuildFile; fileRef = 0D500FEA2C749B2700395AEB /* ReviewMoodView.swift */; };
		0D500FED2C749C5300395AEB /* ProcessInfo+Extensions.swift in Sources */ = {isa = PBXBuildFile; fileRef = 0D500FEC2C749C5300395AEB /* ProcessInfo+Extensions.swift */; };
		0D500FEE2C749C5300395AEB /* ProcessInfo+Extensions.swift in Sources */ = {isa = PBXBuildFile; fileRef = 0D500FEC2C749C5300395AEB /* ProcessInfo+Extensions.swift */; };
		0D500FF62C75242A00395AEB /* CreateReviewReminderUseCase.swift in Sources */ = {isa = PBXBuildFile; fileRef = 0D500FF52C75242A00395AEB /* CreateReviewReminderUseCase.swift */; };
		0D5EA1A42C4D806600527AB0 /* SchemaV1.swift in Sources */ = {isa = PBXBuildFile; fileRef = 0D5EA1A32C4D806600527AB0 /* SchemaV1.swift */; };
		0D5EA1A52C4D806600527AB0 /* SchemaV1.swift in Sources */ = {isa = PBXBuildFile; fileRef = 0D5EA1A32C4D806600527AB0 /* SchemaV1.swift */; };
		0D8203B42C6E9D680023EE2D /* IconLabel.swift in Sources */ = {isa = PBXBuildFile; fileRef = 0D8203B32C6E9D680023EE2D /* IconLabel.swift */; };
		0D8203B62C6EA3D20023EE2D /* InfoBox.swift in Sources */ = {isa = PBXBuildFile; fileRef = 0D8203B52C6EA3D20023EE2D /* InfoBox.swift */; };
		0D8C66342C2DA96000853EDE /* iOSApp.swift in Sources */ = {isa = PBXBuildFile; fileRef = 0D8C66332C2DA96000853EDE /* iOSApp.swift */; };
		0D8C66382C2DA96100853EDE /* Assets.xcassets in Resources */ = {isa = PBXBuildFile; fileRef = 0D8C66372C2DA96100853EDE /* Assets.xcassets */; };
		0D8C663B2C2DA96100853EDE /* Preview Assets.xcassets in Resources */ = {isa = PBXBuildFile; fileRef = 0D8C663A2C2DA96100853EDE /* Preview Assets.xcassets */; };
		0D96D7552C7130C700B62A4D /* InitializeConnectivityUseCase.swift in Sources */ = {isa = PBXBuildFile; fileRef = 0D96D7542C7130C700B62A4D /* InitializeConnectivityUseCase.swift */; };
		0D96D7572C7130EB00B62A4D /* InitializeConnectivityUseCase.swift in Sources */ = {isa = PBXBuildFile; fileRef = 0D96D7562C7130EB00B62A4D /* InitializeConnectivityUseCase.swift */; };
		0D9AB09A2C6B5DFA00BB773F /* FetchDefaultCategoriesUseCase.swift in Sources */ = {isa = PBXBuildFile; fileRef = 0D9AB0992C6B5DFA00BB773F /* FetchDefaultCategoriesUseCase.swift */; };
		0D9AB0A82C6B7C6E00BB773F /* SelectableButton.swift in Sources */ = {isa = PBXBuildFile; fileRef = 0D9AB0A72C6B7C6E00BB773F /* SelectableButton.swift */; };
		0D9AB0AC2C6B8BE700BB773F /* Optional+Extensions.swift in Sources */ = {isa = PBXBuildFile; fileRef = 0D9AB0AB2C6B8BE700BB773F /* Optional+Extensions.swift */; };
		0D9AB0AD2C6B8BE700BB773F /* Optional+Extensions.swift in Sources */ = {isa = PBXBuildFile; fileRef = 0D9AB0AB2C6B8BE700BB773F /* Optional+Extensions.swift */; };
		0D9AB0C32C6D501C00BB773F /* PrimaryButton.swift in Sources */ = {isa = PBXBuildFile; fileRef = 0D9AB0C22C6D501C00BB773F /* PrimaryButton.swift */; };
		0D9AB0C52C6D529000BB773F /* CreateReviewUseCase.swift in Sources */ = {isa = PBXBuildFile; fileRef = 0D9AB0C42C6D529000BB773F /* CreateReviewUseCase.swift */; };
		0D9AB0C82C6E0C6200BB773F /* View+Extensions.swift in Sources */ = {isa = PBXBuildFile; fileRef = 0D9AB0C72C6E0C6200BB773F /* View+Extensions.swift */; };
		0D9AB0CA2C6E0DA400BB773F /* KeyboardShowingViewModifier.swift in Sources */ = {isa = PBXBuildFile; fileRef = 0D9AB0C92C6E0DA400BB773F /* KeyboardShowingViewModifier.swift */; };
		0D9AB0CC2C6E403000BB773F /* CloseButton.swift in Sources */ = {isa = PBXBuildFile; fileRef = 0D9AB0CB2C6E403000BB773F /* CloseButton.swift */; };
		0D9AB0CF2C6E8B3600BB773F /* CreateReviewReminderViewModel.swift in Sources */ = {isa = PBXBuildFile; fileRef = 0D9AB0CE2C6E8B3600BB773F /* CreateReviewReminderViewModel.swift */; };
		0D9AB0D12C6E8B3D00BB773F /* CreateReviewReminderView.swift in Sources */ = {isa = PBXBuildFile; fileRef = 0D9AB0D02C6E8B3D00BB773F /* CreateReviewReminderView.swift */; };
		0D9AB0D32C6E8EA500BB773F /* ReviewReminder.swift in Sources */ = {isa = PBXBuildFile; fileRef = 0D9AB0D22C6E8EA500BB773F /* ReviewReminder.swift */; };
		0D9AB0D42C6E8EA500BB773F /* ReviewReminder.swift in Sources */ = {isa = PBXBuildFile; fileRef = 0D9AB0D22C6E8EA500BB773F /* ReviewReminder.swift */; };
		0D9D8A822C83A3DE00DFFF00 /* DeleteReviewUseCase.swift in Sources */ = {isa = PBXBuildFile; fileRef = 0D9D8A812C83A3DE00DFFF00 /* DeleteReviewUseCase.swift */; };
		0D9E5F5B2C64BD17005BA46C /* Review.swift in Sources */ = {isa = PBXBuildFile; fileRef = 0D9E5F5A2C64BD17005BA46C /* Review.swift */; };
		0D9E5F5D2C64BE56005BA46C /* Review.swift in Sources */ = {isa = PBXBuildFile; fileRef = 0D9E5F5A2C64BD17005BA46C /* Review.swift */; };
		0D9E5F602C64C7B7005BA46C /* AddDefaultCategoriesUseCase.swift in Sources */ = {isa = PBXBuildFile; fileRef = 0D9E5F5F2C64C7B7005BA46C /* AddDefaultCategoriesUseCase.swift */; };
		0DA6CB002C37F7A300FE1E61 /* DataContainer.swift in Sources */ = {isa = PBXBuildFile; fileRef = 0DA6CAFF2C37F7A300FE1E61 /* DataContainer.swift */; };
		0DA6CB012C37F7A300FE1E61 /* DataContainer.swift in Sources */ = {isa = PBXBuildFile; fileRef = 0DA6CAFF2C37F7A300FE1E61 /* DataContainer.swift */; };
		0DA6CB072C37F8C400FE1E61 /* UseCasesContainer.swift in Sources */ = {isa = PBXBuildFile; fileRef = 0DA6CB062C37F8C400FE1E61 /* UseCasesContainer.swift */; };
		0DA6CB092C37F8EA00FE1E61 /* ScenesContainer.swift in Sources */ = {isa = PBXBuildFile; fileRef = 0DA6CB082C37F8EA00FE1E61 /* ScenesContainer.swift */; };
		0DA6CB0B2C37F8FB00FE1E61 /* UseCasesContainer.swift in Sources */ = {isa = PBXBuildFile; fileRef = 0DA6CB0A2C37F8FB00FE1E61 /* UseCasesContainer.swift */; };
		0DA6CB0F2C37F92E00FE1E61 /* RootViewModel.swift in Sources */ = {isa = PBXBuildFile; fileRef = 0DA6CB0E2C37F92E00FE1E61 /* RootViewModel.swift */; };
		0DA6CB322C39581400FE1E61 /* ConnectivityService.swift in Sources */ = {isa = PBXBuildFile; fileRef = 0DA6CB312C39581400FE1E61 /* ConnectivityService.swift */; };
		0DA6CB342C39583300FE1E61 /* ConnectivityService.swift in Sources */ = {isa = PBXBuildFile; fileRef = 0DA6CB332C39583300FE1E61 /* ConnectivityService.swift */; };
		0DBA371B2C31EF6000209681 /* RootView.swift in Sources */ = {isa = PBXBuildFile; fileRef = 0DBA371A2C31EF6000209681 /* RootView.swift */; };
		0DBA373B2C32087300209681 /* WatchOSApp.swift in Sources */ = {isa = PBXBuildFile; fileRef = 0DBA373A2C32087300209681 /* WatchOSApp.swift */; };
		0DBA373F2C32087400209681 /* Assets.xcassets in Resources */ = {isa = PBXBuildFile; fileRef = 0DBA373E2C32087400209681 /* Assets.xcassets */; };
		0DBA37422C32087400209681 /* Preview Assets.xcassets in Resources */ = {isa = PBXBuildFile; fileRef = 0DBA37412C32087400209681 /* Preview Assets.xcassets */; };
		0DBA37452C32087400209681 /* WatchOS.app in Embed Watch Content */ = {isa = PBXBuildFile; fileRef = 0DBA37382C32087300209681 /* WatchOS.app */; settings = {ATTRIBUTES = (RemoveHeadersOnCopy, ); }; };
		0DC2D7E92C7C7DD7008122CC /* HomeViewModel.swift in Sources */ = {isa = PBXBuildFile; fileRef = 0DC2D7E82C7C7DD7008122CC /* HomeViewModel.swift */; };
		0DC2D7EB2C7C7DDA008122CC /* HomeView.swift in Sources */ = {isa = PBXBuildFile; fileRef = 0DC2D7EA2C7C7DDA008122CC /* HomeView.swift */; };
		0DD858912C71465A00061F63 /* SessionError.swift in Sources */ = {isa = PBXBuildFile; fileRef = 0DD858902C71465A00061F63 /* SessionError.swift */; };
		0DD858922C71465A00061F63 /* SessionError.swift in Sources */ = {isa = PBXBuildFile; fileRef = 0DD858902C71465A00061F63 /* SessionError.swift */; };
		0DD858942C71468700061F63 /* ConnectivityError.swift in Sources */ = {isa = PBXBuildFile; fileRef = 0DD858932C71468700061F63 /* ConnectivityError.swift */; };
		0DD858952C71468700061F63 /* ConnectivityError.swift in Sources */ = {isa = PBXBuildFile; fileRef = 0DD858932C71468700061F63 /* ConnectivityError.swift */; };
		0DDD33662C7B5D8E00A0B091 /* OnViewFirstAppearModifier.swift in Sources */ = {isa = PBXBuildFile; fileRef = 0DDD33622C7B5D8E00A0B091 /* OnViewFirstAppearModifier.swift */; };
		0DDD33682C7B5D8E00A0B091 /* View+Modifiers.swift in Sources */ = {isa = PBXBuildFile; fileRef = 0DDD33632C7B5D8E00A0B091 /* View+Modifiers.swift */; };
		0DDD33692C7B5D8E00A0B091 /* OnViewFirstAppearModifier.swift in Sources */ = {isa = PBXBuildFile; fileRef = 0DDD33622C7B5D8E00A0B091 /* OnViewFirstAppearModifier.swift */; };
		0DDD336B2C7B5D8E00A0B091 /* View+Modifiers.swift in Sources */ = {isa = PBXBuildFile; fileRef = 0DDD33632C7B5D8E00A0B091 /* View+Modifiers.swift */; };
		0DDD336E2C7B5D8E00A0B091 /* Localizable.xcstrings in Resources */ = {isa = PBXBuildFile; fileRef = 0DDD336D2C7B5D8E00A0B091 /* Localizable.xcstrings */; };
		0DDD336F2C7B5D8E00A0B091 /* Assets.xcassets in Resources */ = {isa = PBXBuildFile; fileRef = 0DDD336C2C7B5D8E00A0B091 /* Assets.xcassets */; };
		0DDD33702C7B5D8E00A0B091 /* Localizable.xcstrings in Resources */ = {isa = PBXBuildFile; fileRef = 0DDD336D2C7B5D8E00A0B091 /* Localizable.xcstrings */; };
		0DDD33712C7B5D8E00A0B091 /* Assets.xcassets in Resources */ = {isa = PBXBuildFile; fileRef = 0DDD336C2C7B5D8E00A0B091 /* Assets.xcassets */; };
		0DDD33862C7B60A900A0B091 /* MindfulPacerWatchTests.swift in Sources */ = {isa = PBXBuildFile; fileRef = 0DDD33852C7B60A900A0B091 /* MindfulPacerWatchTests.swift */; };
		0DDD33942C7B625700A0B091 /* MockCreateReviewUseCase.swift in Sources */ = {isa = PBXBuildFile; fileRef = 0DDD33932C7B625700A0B091 /* MockCreateReviewUseCase.swift */; };
		0DDD33952C7B637000A0B091 /* Review.swift in Sources */ = {isa = PBXBuildFile; fileRef = 0D9E5F5A2C64BD17005BA46C /* Review.swift */; };
		0DDD33962C7B637000A0B091 /* Review.swift in Sources */ = {isa = PBXBuildFile; fileRef = 0D9E5F5A2C64BD17005BA46C /* Review.swift */; };
		0DDD33982C7B63C600A0B091 /* CreateReviewViewModelTests.swift in Sources */ = {isa = PBXBuildFile; fileRef = 0DDD33972C7B63C600A0B091 /* CreateReviewViewModelTests.swift */; };
		0DDD339D2C7BB80E00A0B091 /* ReviewReminder.swift in Sources */ = {isa = PBXBuildFile; fileRef = 0D9AB0D22C6E8EA500BB773F /* ReviewReminder.swift */; };
		0DDD339E2C7BB80E00A0B091 /* SchemaV1.swift in Sources */ = {isa = PBXBuildFile; fileRef = 0D5EA1A32C4D806600527AB0 /* SchemaV1.swift */; };
		0DDD339F2C7BB80E00A0B091 /* ReviewReminder.swift in Sources */ = {isa = PBXBuildFile; fileRef = 0D9AB0D22C6E8EA500BB773F /* ReviewReminder.swift */; };
		0DDD33A02C7BB80E00A0B091 /* SchemaV1.swift in Sources */ = {isa = PBXBuildFile; fileRef = 0D5EA1A32C4D806600527AB0 /* SchemaV1.swift */; };
		0DDD33A22C7BB98800A0B091 /* MockFetchDefaultCategoriesUseCase.swift in Sources */ = {isa = PBXBuildFile; fileRef = 0DDD33A12C7BB98800A0B091 /* MockFetchDefaultCategoriesUseCase.swift */; };
		0DDD33A42C7BBF0100A0B091 /* AddDefaultCategoriesUseCaseTests.swift in Sources */ = {isa = PBXBuildFile; fileRef = 0DDD33A32C7BBF0100A0B091 /* AddDefaultCategoriesUseCaseTests.swift */; };
		0DFCA1D02C623FAC0000C87C /* EditReviewView.swift in Sources */ = {isa = PBXBuildFile; fileRef = 0DFCA1CF2C623FAC0000C87C /* EditReviewView.swift */; };
		0DFCA1D22C623FB40000C87C /* EditReviewViewModel.swift in Sources */ = {isa = PBXBuildFile; fileRef = 0DFCA1D12C623FB40000C87C /* EditReviewViewModel.swift */; };
/* End PBXBuildFile section */

/* Begin PBXContainerItemProxy section */
		0DBA37432C32087400209681 /* PBXContainerItemProxy */ = {
			isa = PBXContainerItemProxy;
			containerPortal = 0D8C66282C2DA96000853EDE /* Project object */;
			proxyType = 1;
			remoteGlobalIDString = 0DBA37372C32087300209681;
			remoteInfo = "WatchOS Watch App";
		};
		0DDD337A2C7B609200A0B091 /* PBXContainerItemProxy */ = {
			isa = PBXContainerItemProxy;
			containerPortal = 0D8C66282C2DA96000853EDE /* Project object */;
			proxyType = 1;
			remoteGlobalIDString = 0D8C662F2C2DA96000853EDE;
			remoteInfo = iOS;
		};
		0DDD33872C7B60A900A0B091 /* PBXContainerItemProxy */ = {
			isa = PBXContainerItemProxy;
			containerPortal = 0D8C66282C2DA96000853EDE /* Project object */;
			proxyType = 1;
			remoteGlobalIDString = 0DBA37372C32087300209681;
			remoteInfo = WatchOS;
		};
/* End PBXContainerItemProxy section */

/* Begin PBXCopyFilesBuildPhase section */
		0DBA37332C3207FB00209681 /* Embed Watch Content */ = {
			isa = PBXCopyFilesBuildPhase;
			buildActionMask = 2147483647;
			dstPath = "$(CONTENTS_FOLDER_PATH)/Watch";
			dstSubfolderSpec = 16;
			files = (
				0DBA37452C32087400209681 /* WatchOS.app in Embed Watch Content */,
			);
			name = "Embed Watch Content";
			runOnlyForDeploymentPostprocessing = 0;
		};
/* End PBXCopyFilesBuildPhase section */

/* Begin PBXFileReference section */
		0D0DE2D92C32DF1F00C54B0C /* ScenesContainer.swift */ = {isa = PBXFileReference; lastKnownFileType = sourcecode.swift; path = ScenesContainer.swift; sourceTree = "<group>"; };
		0D0FE4A32C7772C1002E001B /* IconLabelGroupBox.swift */ = {isa = PBXFileReference; lastKnownFileType = sourcecode.swift; path = IconLabelGroupBox.swift; sourceTree = "<group>"; };
		0D1016F12C57B229008AF31D /* HealthKitService.swift */ = {isa = PBXFileReference; lastKnownFileType = sourcecode.swift; path = HealthKitService.swift; sourceTree = "<group>"; };
		0D2F82042C46653E0004CD34 /* RootView.swift */ = {isa = PBXFileReference; lastKnownFileType = sourcecode.swift; path = RootView.swift; sourceTree = "<group>"; };
		0D2F82062C46654B0004CD34 /* RootViewModel.swift */ = {isa = PBXFileReference; lastKnownFileType = sourcecode.swift; path = RootViewModel.swift; sourceTree = "<group>"; };
		0D34C45D2C83683200928C53 /* SaveReviewUseCase.swift */ = {isa = PBXFileReference; lastKnownFileType = sourcecode.swift; path = SaveReviewUseCase.swift; sourceTree = "<group>"; };
		0D34C4602C837F4400928C53 /* StepsWidget.swift */ = {isa = PBXFileReference; lastKnownFileType = sourcecode.swift; path = StepsWidget.swift; sourceTree = "<group>"; };
		0D34C4622C837F7D00928C53 /* HeartRateWidget.swift */ = {isa = PBXFileReference; lastKnownFileType = sourcecode.swift; path = HeartRateWidget.swift; sourceTree = "<group>"; };
		0D34C4642C837FE100928C53 /* ReviewsWidget.swift */ = {isa = PBXFileReference; lastKnownFileType = sourcecode.swift; path = ReviewsWidget.swift; sourceTree = "<group>"; };
		0D34C4662C838BD700928C53 /* AlarmTypeWidget.swift */ = {isa = PBXFileReference; lastKnownFileType = sourcecode.swift; path = AlarmTypeWidget.swift; sourceTree = "<group>"; };
		0D456AAF2C7D07460014CD81 /* FetchReviewsUseCase.swift */ = {isa = PBXFileReference; lastKnownFileType = sourcecode.swift; path = FetchReviewsUseCase.swift; sourceTree = "<group>"; };
		0D456AB12C7D077C0014CD81 /* FetchReviewRemindersUseCase.swift */ = {isa = PBXFileReference; lastKnownFileType = sourcecode.swift; path = FetchReviewRemindersUseCase.swift; sourceTree = "<group>"; };
		0D456AB52C7D0F2B0014CD81 /* Icon.swift */ = {isa = PBXFileReference; lastKnownFileType = sourcecode.swift; path = Icon.swift; sourceTree = "<group>"; };
		0D456ABC2C808FA40014CD81 /* ReviewsListView.swift */ = {isa = PBXFileReference; lastKnownFileType = sourcecode.swift; path = ReviewsListView.swift; sourceTree = "<group>"; };
		0D456ABE2C80F1BC0014CD81 /* Previewer.swift */ = {isa = PBXFileReference; lastKnownFileType = sourcecode.swift; path = Previewer.swift; sourceTree = "<group>"; };
		0D4EBE332C72784A00C1865D /* AlarmTypeView.swift */ = {isa = PBXFileReference; lastKnownFileType = sourcecode.swift; path = AlarmTypeView.swift; sourceTree = "<group>"; };
		0D4EBE352C727B6200C1865D /* InfoSheet.swift */ = {isa = PBXFileReference; lastKnownFileType = sourcecode.swift; path = InfoSheet.swift; sourceTree = "<group>"; };
		0D4EBE382C727C7A00C1865D /* MeasurementTypeView.swift */ = {isa = PBXFileReference; lastKnownFileType = sourcecode.swift; path = MeasurementTypeView.swift; sourceTree = "<group>"; };
		0D4EBE3F2C727E9F00C1865D /* ThresholdView.swift */ = {isa = PBXFileReference; lastKnownFileType = sourcecode.swift; path = ThresholdView.swift; sourceTree = "<group>"; };
		0D4EBE452C727F8900C1865D /* IntervalView.swift */ = {isa = PBXFileReference; lastKnownFileType = sourcecode.swift; path = IntervalView.swift; sourceTree = "<group>"; };
		0D4EBE4B2C72865F00C1865D /* SummaryView.swift */ = {isa = PBXFileReference; lastKnownFileType = sourcecode.swift; path = SummaryView.swift; sourceTree = "<group>"; };
		0D500FC12C7355BD00395AEB /* NotificationService.swift */ = {isa = PBXFileReference; lastKnownFileType = sourcecode.swift; path = NotificationService.swift; sourceTree = "<group>"; };
		0D500FC32C73560A00395AEB /* NotificationService.swift */ = {isa = PBXFileReference; lastKnownFileType = sourcecode.swift; path = NotificationService.swift; sourceTree = "<group>"; };
		0D500FC52C73567700395AEB /* TriggerWatchNotificationUseCase.swift */ = {isa = PBXFileReference; lastKnownFileType = sourcecode.swift; path = TriggerWatchNotificationUseCase.swift; sourceTree = "<group>"; };
		0D500FC72C73582A00395AEB /* InitializeNotificationsUseCase.swift */ = {isa = PBXFileReference; lastKnownFileType = sourcecode.swift; path = InitializeNotificationsUseCase.swift; sourceTree = "<group>"; };
		0D500FC92C7376A700395AEB /* Message.swift */ = {isa = PBXFileReference; lastKnownFileType = sourcecode.swift; path = Message.swift; sourceTree = "<group>"; };
		0D500FE22C7498E300395AEB /* ReviewCategoryView.swift */ = {isa = PBXFileReference; lastKnownFileType = sourcecode.swift; path = ReviewCategoryView.swift; sourceTree = "<group>"; };
		0D500FE42C749A3000395AEB /* ReviewSubcategoryView.swift */ = {isa = PBXFileReference; lastKnownFileType = sourcecode.swift; path = ReviewSubcategoryView.swift; sourceTree = "<group>"; };
		0D500FE72C749AA300395AEB /* RatingSelectionView.swift */ = {isa = PBXFileReference; lastKnownFileType = sourcecode.swift; path = RatingSelectionView.swift; sourceTree = "<group>"; };
		0D500FEA2C749B2700395AEB /* ReviewMoodView.swift */ = {isa = PBXFileReference; lastKnownFileType = sourcecode.swift; path = ReviewMoodView.swift; sourceTree = "<group>"; };
		0D500FEC2C749C5300395AEB /* ProcessInfo+Extensions.swift */ = {isa = PBXFileReference; lastKnownFileType = sourcecode.swift; path = "ProcessInfo+Extensions.swift"; sourceTree = "<group>"; };
		0D500FF52C75242A00395AEB /* CreateReviewReminderUseCase.swift */ = {isa = PBXFileReference; lastKnownFileType = sourcecode.swift; path = CreateReviewReminderUseCase.swift; sourceTree = "<group>"; };
		0D5EA1A32C4D806600527AB0 /* SchemaV1.swift */ = {isa = PBXFileReference; lastKnownFileType = sourcecode.swift; path = SchemaV1.swift; sourceTree = "<group>"; };
		0D8203B32C6E9D680023EE2D /* IconLabel.swift */ = {isa = PBXFileReference; lastKnownFileType = sourcecode.swift; path = IconLabel.swift; sourceTree = "<group>"; };
		0D8203B52C6EA3D20023EE2D /* InfoBox.swift */ = {isa = PBXFileReference; lastKnownFileType = sourcecode.swift; path = InfoBox.swift; sourceTree = "<group>"; };
		0D8C66302C2DA96000853EDE /* iOS.app */ = {isa = PBXFileReference; explicitFileType = wrapper.application; includeInIndex = 0; path = iOS.app; sourceTree = BUILT_PRODUCTS_DIR; };
		0D8C66332C2DA96000853EDE /* iOSApp.swift */ = {isa = PBXFileReference; lastKnownFileType = sourcecode.swift; path = iOSApp.swift; sourceTree = "<group>"; };
		0D8C66372C2DA96100853EDE /* Assets.xcassets */ = {isa = PBXFileReference; lastKnownFileType = folder.assetcatalog; path = Assets.xcassets; sourceTree = "<group>"; };
		0D8C663A2C2DA96100853EDE /* Preview Assets.xcassets */ = {isa = PBXFileReference; lastKnownFileType = folder.assetcatalog; path = "Preview Assets.xcassets"; sourceTree = "<group>"; };
		0D96D7542C7130C700B62A4D /* InitializeConnectivityUseCase.swift */ = {isa = PBXFileReference; lastKnownFileType = sourcecode.swift; path = InitializeConnectivityUseCase.swift; sourceTree = "<group>"; };
		0D96D7562C7130EB00B62A4D /* InitializeConnectivityUseCase.swift */ = {isa = PBXFileReference; lastKnownFileType = sourcecode.swift; path = InitializeConnectivityUseCase.swift; sourceTree = "<group>"; };
		0D9AB0992C6B5DFA00BB773F /* FetchDefaultCategoriesUseCase.swift */ = {isa = PBXFileReference; lastKnownFileType = sourcecode.swift; path = FetchDefaultCategoriesUseCase.swift; sourceTree = "<group>"; };
		0D9AB0A72C6B7C6E00BB773F /* SelectableButton.swift */ = {isa = PBXFileReference; lastKnownFileType = sourcecode.swift; path = SelectableButton.swift; sourceTree = "<group>"; };
		0D9AB0AB2C6B8BE700BB773F /* Optional+Extensions.swift */ = {isa = PBXFileReference; lastKnownFileType = sourcecode.swift; path = "Optional+Extensions.swift"; sourceTree = "<group>"; };
		0D9AB0C22C6D501C00BB773F /* PrimaryButton.swift */ = {isa = PBXFileReference; lastKnownFileType = sourcecode.swift; path = PrimaryButton.swift; sourceTree = "<group>"; };
		0D9AB0C42C6D529000BB773F /* CreateReviewUseCase.swift */ = {isa = PBXFileReference; lastKnownFileType = sourcecode.swift; path = CreateReviewUseCase.swift; sourceTree = "<group>"; };
		0D9AB0C72C6E0C6200BB773F /* View+Extensions.swift */ = {isa = PBXFileReference; lastKnownFileType = sourcecode.swift; path = "View+Extensions.swift"; sourceTree = "<group>"; };
		0D9AB0C92C6E0DA400BB773F /* KeyboardShowingViewModifier.swift */ = {isa = PBXFileReference; lastKnownFileType = sourcecode.swift; path = KeyboardShowingViewModifier.swift; sourceTree = "<group>"; };
		0D9AB0CB2C6E403000BB773F /* CloseButton.swift */ = {isa = PBXFileReference; lastKnownFileType = sourcecode.swift; path = CloseButton.swift; sourceTree = "<group>"; };
		0D9AB0CE2C6E8B3600BB773F /* CreateReviewReminderViewModel.swift */ = {isa = PBXFileReference; lastKnownFileType = sourcecode.swift; path = CreateReviewReminderViewModel.swift; sourceTree = "<group>"; };
		0D9AB0D02C6E8B3D00BB773F /* CreateReviewReminderView.swift */ = {isa = PBXFileReference; lastKnownFileType = sourcecode.swift; path = CreateReviewReminderView.swift; sourceTree = "<group>"; };
		0D9AB0D22C6E8EA500BB773F /* ReviewReminder.swift */ = {isa = PBXFileReference; lastKnownFileType = sourcecode.swift; path = ReviewReminder.swift; sourceTree = "<group>"; };
		0D9D8A812C83A3DE00DFFF00 /* DeleteReviewUseCase.swift */ = {isa = PBXFileReference; lastKnownFileType = sourcecode.swift; path = DeleteReviewUseCase.swift; sourceTree = "<group>"; };
		0D9E5F5A2C64BD17005BA46C /* Review.swift */ = {isa = PBXFileReference; lastKnownFileType = sourcecode.swift; path = Review.swift; sourceTree = "<group>"; };
		0D9E5F5F2C64C7B7005BA46C /* AddDefaultCategoriesUseCase.swift */ = {isa = PBXFileReference; lastKnownFileType = sourcecode.swift; path = AddDefaultCategoriesUseCase.swift; sourceTree = "<group>"; };
		0DA6CAFF2C37F7A300FE1E61 /* DataContainer.swift */ = {isa = PBXFileReference; lastKnownFileType = sourcecode.swift; path = DataContainer.swift; sourceTree = "<group>"; };
		0DA6CB062C37F8C400FE1E61 /* UseCasesContainer.swift */ = {isa = PBXFileReference; lastKnownFileType = sourcecode.swift; path = UseCasesContainer.swift; sourceTree = "<group>"; };
		0DA6CB082C37F8EA00FE1E61 /* ScenesContainer.swift */ = {isa = PBXFileReference; lastKnownFileType = sourcecode.swift; path = ScenesContainer.swift; sourceTree = "<group>"; };
		0DA6CB0A2C37F8FB00FE1E61 /* UseCasesContainer.swift */ = {isa = PBXFileReference; lastKnownFileType = sourcecode.swift; path = UseCasesContainer.swift; sourceTree = "<group>"; };
		0DA6CB0E2C37F92E00FE1E61 /* RootViewModel.swift */ = {isa = PBXFileReference; lastKnownFileType = sourcecode.swift; path = RootViewModel.swift; sourceTree = "<group>"; };
		0DA6CB192C38370800FE1E61 /* iOS.entitlements */ = {isa = PBXFileReference; lastKnownFileType = text.plist.entitlements; path = iOS.entitlements; sourceTree = "<group>"; };
		0DA6CB1A2C38373600FE1E61 /* Info.plist */ = {isa = PBXFileReference; lastKnownFileType = text.plist; path = Info.plist; sourceTree = "<group>"; };
		0DA6CB1B2C38374500FE1E61 /* Info.plist */ = {isa = PBXFileReference; lastKnownFileType = text.plist.xml; path = Info.plist; sourceTree = "<group>"; };
		0DA6CB1C2C38374D00FE1E61 /* WatchOS.entitlements */ = {isa = PBXFileReference; lastKnownFileType = text.plist.entitlements; path = WatchOS.entitlements; sourceTree = "<group>"; };
		0DA6CB312C39581400FE1E61 /* ConnectivityService.swift */ = {isa = PBXFileReference; lastKnownFileType = sourcecode.swift; path = ConnectivityService.swift; sourceTree = "<group>"; };
		0DA6CB332C39583300FE1E61 /* ConnectivityService.swift */ = {isa = PBXFileReference; lastKnownFileType = sourcecode.swift; path = ConnectivityService.swift; sourceTree = "<group>"; };
		0DBA371A2C31EF6000209681 /* RootView.swift */ = {isa = PBXFileReference; lastKnownFileType = sourcecode.swift; path = RootView.swift; sourceTree = "<group>"; };
		0DBA37382C32087300209681 /* WatchOS.app */ = {isa = PBXFileReference; explicitFileType = wrapper.application; includeInIndex = 0; path = WatchOS.app; sourceTree = BUILT_PRODUCTS_DIR; };
		0DBA373A2C32087300209681 /* WatchOSApp.swift */ = {isa = PBXFileReference; lastKnownFileType = sourcecode.swift; path = WatchOSApp.swift; sourceTree = "<group>"; };
		0DBA373E2C32087400209681 /* Assets.xcassets */ = {isa = PBXFileReference; lastKnownFileType = folder.assetcatalog; path = Assets.xcassets; sourceTree = "<group>"; };
		0DBA37412C32087400209681 /* Preview Assets.xcassets */ = {isa = PBXFileReference; lastKnownFileType = folder.assetcatalog; path = "Preview Assets.xcassets"; sourceTree = "<group>"; };
		0DC2D7E82C7C7DD7008122CC /* HomeViewModel.swift */ = {isa = PBXFileReference; lastKnownFileType = sourcecode.swift; path = HomeViewModel.swift; sourceTree = "<group>"; };
		0DC2D7EA2C7C7DDA008122CC /* HomeView.swift */ = {isa = PBXFileReference; lastKnownFileType = sourcecode.swift; path = HomeView.swift; sourceTree = "<group>"; };
		0DD858902C71465A00061F63 /* SessionError.swift */ = {isa = PBXFileReference; lastKnownFileType = sourcecode.swift; path = SessionError.swift; sourceTree = "<group>"; };
		0DD858932C71468700061F63 /* ConnectivityError.swift */ = {isa = PBXFileReference; lastKnownFileType = sourcecode.swift; path = ConnectivityError.swift; sourceTree = "<group>"; };
		0DDD33622C7B5D8E00A0B091 /* OnViewFirstAppearModifier.swift */ = {isa = PBXFileReference; lastKnownFileType = sourcecode.swift; path = OnViewFirstAppearModifier.swift; sourceTree = "<group>"; };
		0DDD33632C7B5D8E00A0B091 /* View+Modifiers.swift */ = {isa = PBXFileReference; lastKnownFileType = sourcecode.swift; path = "View+Modifiers.swift"; sourceTree = "<group>"; };
		0DDD336C2C7B5D8E00A0B091 /* Assets.xcassets */ = {isa = PBXFileReference; lastKnownFileType = folder.assetcatalog; path = Assets.xcassets; sourceTree = "<group>"; };
		0DDD336D2C7B5D8E00A0B091 /* Localizable.xcstrings */ = {isa = PBXFileReference; lastKnownFileType = text.json.xcstrings; path = Localizable.xcstrings; sourceTree = "<group>"; };
		0DDD33762C7B609200A0B091 /* MindfulPacerTests.xctest */ = {isa = PBXFileReference; explicitFileType = wrapper.cfbundle; includeInIndex = 0; path = MindfulPacerTests.xctest; sourceTree = BUILT_PRODUCTS_DIR; };
		0DDD33832C7B60A900A0B091 /* MindfulPacerWatchTests.xctest */ = {isa = PBXFileReference; explicitFileType = wrapper.cfbundle; includeInIndex = 0; path = MindfulPacerWatchTests.xctest; sourceTree = BUILT_PRODUCTS_DIR; };
		0DDD33852C7B60A900A0B091 /* MindfulPacerWatchTests.swift */ = {isa = PBXFileReference; lastKnownFileType = sourcecode.swift; path = MindfulPacerWatchTests.swift; sourceTree = "<group>"; };
		0DDD33932C7B625700A0B091 /* MockCreateReviewUseCase.swift */ = {isa = PBXFileReference; lastKnownFileType = sourcecode.swift; path = MockCreateReviewUseCase.swift; sourceTree = "<group>"; };
		0DDD33972C7B63C600A0B091 /* CreateReviewViewModelTests.swift */ = {isa = PBXFileReference; lastKnownFileType = sourcecode.swift; path = CreateReviewViewModelTests.swift; sourceTree = "<group>"; };
		0DDD33A12C7BB98800A0B091 /* MockFetchDefaultCategoriesUseCase.swift */ = {isa = PBXFileReference; lastKnownFileType = sourcecode.swift; path = MockFetchDefaultCategoriesUseCase.swift; sourceTree = "<group>"; };
		0DDD33A32C7BBF0100A0B091 /* AddDefaultCategoriesUseCaseTests.swift */ = {isa = PBXFileReference; lastKnownFileType = sourcecode.swift; path = AddDefaultCategoriesUseCaseTests.swift; sourceTree = "<group>"; };
		0DFCA1CF2C623FAC0000C87C /* EditReviewView.swift */ = {isa = PBXFileReference; lastKnownFileType = sourcecode.swift; path = EditReviewView.swift; sourceTree = "<group>"; };
		0DFCA1D12C623FB40000C87C /* EditReviewViewModel.swift */ = {isa = PBXFileReference; lastKnownFileType = sourcecode.swift; path = EditReviewViewModel.swift; sourceTree = "<group>"; };
/* End PBXFileReference section */

/* Begin PBXFrameworksBuildPhase section */
		0D8C662D2C2DA96000853EDE /* Frameworks */ = {
			isa = PBXFrameworksBuildPhase;
			buildActionMask = 2147483647;
			files = (
				0D500FD82C7492F700395AEB /* SystemNotification in Frameworks */,
				0D0DE2D62C32DEB100C54B0C /* Factory in Frameworks */,
			);
			runOnlyForDeploymentPostprocessing = 0;
		};
		0DBA37352C32087300209681 /* Frameworks */ = {
			isa = PBXFrameworksBuildPhase;
			buildActionMask = 2147483647;
			files = (
				0D0DE2D82C32DEE900C54B0C /* Factory in Frameworks */,
			);
			runOnlyForDeploymentPostprocessing = 0;
		};
		0DDD33732C7B609200A0B091 /* Frameworks */ = {
			isa = PBXFrameworksBuildPhase;
			buildActionMask = 2147483647;
			files = (
			);
			runOnlyForDeploymentPostprocessing = 0;
		};
		0DDD33802C7B60A900A0B091 /* Frameworks */ = {
			isa = PBXFrameworksBuildPhase;
			buildActionMask = 2147483647;
			files = (
			);
			runOnlyForDeploymentPostprocessing = 0;
		};
/* End PBXFrameworksBuildPhase section */

/* Begin PBXGroup section */
		0D27BFC32C32DA8B007F4CFA /* Shared */ = {
			isa = PBXGroup;
			children = (
				0DDD339A2C7BB6EF00A0B091 /* Common UI */,
				0D27BFC52C32DAB0007F4CFA /* Data */,
				0DD8588F2C71463A00061F63 /* Errors */,
				0D9AB0AA2C6B8BC100BB773F /* Extensions */,
				0DC3FDCD2C2EDC9F00335543 /* Models */,
				0DDD33992C7BB6CB00A0B091 /* Resources */,
			);
			path = Shared;
			sourceTree = "<group>";
		};
		0D27BFC52C32DAB0007F4CFA /* Data */ = {
			isa = PBXGroup;
			children = (
				0DA6CAFF2C37F7A300FE1E61 /* DataContainer.swift */,
			);
			path = Data;
			sourceTree = "<group>";
		};
		0D2F82032C4665390004CD34 /* Root View */ = {
			isa = PBXGroup;
			children = (
				0D2F82042C46653E0004CD34 /* RootView.swift */,
				0D2F82062C46654B0004CD34 /* RootViewModel.swift */,
			);
			path = "Root View";
			sourceTree = "<group>";
		};
		0D34C44C2C822F4800928C53 /* Edit Review */ = {
			isa = PBXGroup;
			children = (
				0D34C4582C83626200928C53 /* Review Category */,
				0D34C4592C83626800928C53 /* Review Mood */,
				0D34C45A2C83626D00928C53 /* Rating Selection */,
				0D34C45B2C83627200928C53 /* Review Subcategory */,
				0DFCA1CF2C623FAC0000C87C /* EditReviewView.swift */,
				0DFCA1D12C623FB40000C87C /* EditReviewViewModel.swift */,
			);
			path = "Edit Review";
			sourceTree = "<group>";
		};
		0D34C4532C82643B00928C53 /* Sheets */ = {
			isa = PBXGroup;
			children = (
				0D4EBE352C727B6200C1865D /* InfoSheet.swift */,
			);
			path = Sheets;
			sourceTree = "<group>";
		};
		0D34C4582C83626200928C53 /* Review Category */ = {
			isa = PBXGroup;
			children = (
				0D500FE22C7498E300395AEB /* ReviewCategoryView.swift */,
			);
			path = "Review Category";
			sourceTree = "<group>";
		};
		0D34C4592C83626800928C53 /* Review Mood */ = {
			isa = PBXGroup;
			children = (
				0D500FEA2C749B2700395AEB /* ReviewMoodView.swift */,
			);
			path = "Review Mood";
			sourceTree = "<group>";
		};
		0D34C45A2C83626D00928C53 /* Rating Selection */ = {
			isa = PBXGroup;
			children = (
				0D500FE72C749AA300395AEB /* RatingSelectionView.swift */,
			);
			path = "Rating Selection";
			sourceTree = "<group>";
		};
		0D34C45B2C83627200928C53 /* Review Subcategory */ = {
			isa = PBXGroup;
			children = (
				0D500FE42C749A3000395AEB /* ReviewSubcategoryView.swift */,
			);
			path = "Review Subcategory";
			sourceTree = "<group>";
		};
		0D34C45C2C83681700928C53 /* Review Reminder */ = {
			isa = PBXGroup;
			children = (
				0D500FF52C75242A00395AEB /* CreateReviewReminderUseCase.swift */,
				0D456AB12C7D077C0014CD81 /* FetchReviewRemindersUseCase.swift */,
			);
			path = "Review Reminder";
			sourceTree = "<group>";
		};
		0D34C45F2C837F2900928C53 /* Widgets */ = {
			isa = PBXGroup;
			children = (
				0D34C4662C838BD700928C53 /* AlarmTypeWidget.swift */,
				0D34C4622C837F7D00928C53 /* HeartRateWidget.swift */,
				0D34C4642C837FE100928C53 /* ReviewsWidget.swift */,
				0D34C4602C837F4400928C53 /* StepsWidget.swift */,
			);
			path = Widgets;
			sourceTree = "<group>";
		};
		0D456ABB2C808F9B0014CD81 /* Reviews List */ = {
			isa = PBXGroup;
			children = (
				0D456ABC2C808FA40014CD81 /* ReviewsListView.swift */,
			);
			path = "Reviews List";
			sourceTree = "<group>";
		};
		0D4EBE322C72783D00C1865D /* Alarm Type */ = {
			isa = PBXGroup;
			children = (
				0D4EBE332C72784A00C1865D /* AlarmTypeView.swift */,
			);
			path = "Alarm Type";
			sourceTree = "<group>";
		};
		0D4EBE372C727C7100C1865D /* Measurement Type */ = {
			isa = PBXGroup;
			children = (
				0D4EBE382C727C7A00C1865D /* MeasurementTypeView.swift */,
			);
			path = "Measurement Type";
			sourceTree = "<group>";
		};
		0D4EBE3E2C727E9800C1865D /* Threshold */ = {
			isa = PBXGroup;
			children = (
				0D4EBE3F2C727E9F00C1865D /* ThresholdView.swift */,
			);
			path = Threshold;
			sourceTree = "<group>";
		};
		0D4EBE442C727F8100C1865D /* Interval */ = {
			isa = PBXGroup;
			children = (
				0D4EBE452C727F8900C1865D /* IntervalView.swift */,
			);
			path = Interval;
			sourceTree = "<group>";
		};
		0D4EBE4A2C72865300C1865D /* Summary */ = {
			isa = PBXGroup;
			children = (
				0D4EBE4B2C72865F00C1865D /* SummaryView.swift */,
			);
			path = Summary;
			sourceTree = "<group>";
		};
		0D500FCF2C74920000395AEB /* Buttons */ = {
			isa = PBXGroup;
			children = (
				0D9AB0CB2C6E403000BB773F /* CloseButton.swift */,
				0D9AB0C22C6D501C00BB773F /* PrimaryButton.swift */,
				0D9AB0A72C6B7C6E00BB773F /* SelectableButton.swift */,
			);
			path = Buttons;
			sourceTree = "<group>";
		};
		0D500FEF2C749F0700395AEB /* System */ = {
			isa = PBXGroup;
			children = (
				0D500FC72C73582A00395AEB /* InitializeNotificationsUseCase.swift */,
			);
			path = System;
			sourceTree = "<group>";
		};
		0D500FF02C74B87700395AEB /* System */ = {
			isa = PBXGroup;
			children = (
			);
			path = System;
			sourceTree = "<group>";
		};
		0D8C66272C2DA96000853EDE = {
			isa = PBXGroup;
			children = (
				0D27BFC32C32DA8B007F4CFA /* Shared */,
				0D8C66322C2DA96000853EDE /* iOS */,
				0DBA37392C32087300209681 /* WatchOS */,
				0DDD33772C7B609200A0B091 /* iOSTests */,
				0DDD33842C7B60A900A0B091 /* WatchOSTests */,
				0D8C66312C2DA96000853EDE /* Products */,
			);
			sourceTree = "<group>";
		};
		0D8C66312C2DA96000853EDE /* Products */ = {
			isa = PBXGroup;
			children = (
				0D8C66302C2DA96000853EDE /* iOS.app */,
				0DBA37382C32087300209681 /* WatchOS.app */,
				0DDD33762C7B609200A0B091 /* MindfulPacerTests.xctest */,
				0DDD33832C7B60A900A0B091 /* MindfulPacerWatchTests.xctest */,
			);
			name = Products;
			sourceTree = "<group>";
		};
		0D8C66322C2DA96000853EDE /* iOS */ = {
			isa = PBXGroup;
			children = (
				0DA6CB192C38370800FE1E61 /* iOS.entitlements */,
				0DA6CB1A2C38373600FE1E61 /* Info.plist */,
				0DC3FDD12C2EDCBA00335543 /* Application */,
				0DC3FDD02C2EDCB400335543 /* Common UI */,
				0DC3FDCE2C2EDCAB00335543 /* Extensions */,
				0D8C66392C2DA96100853EDE /* Preview Content */,
				0DC3FDCC2C2EDC9800335543 /* Resources */,
				0DC3FDCA2C2EDC8B00335543 /* Scenes */,
				0DC3FDCB2C2EDC9200335543 /* Services */,
				0DC3FDC92C2EDC8500335543 /* Use Cases */,
			);
			path = iOS;
			sourceTree = "<group>";
		};
		0D8C66392C2DA96100853EDE /* Preview Content */ = {
			isa = PBXGroup;
			children = (
				0D8C663A2C2DA96100853EDE /* Preview Assets.xcassets */,
			);
			path = "Preview Content";
			sourceTree = "<group>";
		};
		0D9AB0AA2C6B8BC100BB773F /* Extensions */ = {
			isa = PBXGroup;
			children = (
				0D9AB0AB2C6B8BE700BB773F /* Optional+Extensions.swift */,
				0D500FEC2C749C5300395AEB /* ProcessInfo+Extensions.swift */,
			);
			path = Extensions;
			sourceTree = "<group>";
		};
		0D9AB0C62C6E093D00BB773F /* Persistence */ = {
			isa = PBXGroup;
			children = (
				0D456ABE2C80F1BC0014CD81 /* Previewer.swift */,
				0D9E5F5A2C64BD17005BA46C /* Review.swift */,
				0D9AB0D22C6E8EA500BB773F /* ReviewReminder.swift */,
				0D5EA1A32C4D806600527AB0 /* SchemaV1.swift */,
			);
			path = Persistence;
			sourceTree = "<group>";
		};
		0D9AB0CD2C6E8B2800BB773F /* Create Review Reminder */ = {
			isa = PBXGroup;
			children = (
				0D4EBE322C72783D00C1865D /* Alarm Type */,
				0D4EBE442C727F8100C1865D /* Interval */,
				0D4EBE372C727C7100C1865D /* Measurement Type */,
				0D4EBE4A2C72865300C1865D /* Summary */,
				0D4EBE3E2C727E9800C1865D /* Threshold */,
				0D9AB0D02C6E8B3D00BB773F /* CreateReviewReminderView.swift */,
				0D9AB0CE2C6E8B3600BB773F /* CreateReviewReminderViewModel.swift */,
			);
			path = "Create Review Reminder";
			sourceTree = "<group>";
		};
		0D9E5F5E2C64C7A6005BA46C /* Review */ = {
			isa = PBXGroup;
			children = (
				0D9E5F5F2C64C7B7005BA46C /* AddDefaultCategoriesUseCase.swift */,
				0D9AB0C42C6D529000BB773F /* CreateReviewUseCase.swift */,
				0D9D8A812C83A3DE00DFFF00 /* DeleteReviewUseCase.swift */,
				0D9AB0992C6B5DFA00BB773F /* FetchDefaultCategoriesUseCase.swift */,
				0D456AAF2C7D07460014CD81 /* FetchReviewsUseCase.swift */,
				0D34C45D2C83683200928C53 /* SaveReviewUseCase.swift */,
			);
			path = Review;
			sourceTree = "<group>";
		};
		0DA6CB042C37F88200FE1E61 /* Use Cases */ = {
			isa = PBXGroup;
			children = (
				0DD8588D2C7140E400061F63 /* iOS Communication */,
				0D500FEF2C749F0700395AEB /* System */,
				0DA6CB0A2C37F8FB00FE1E61 /* UseCasesContainer.swift */,
			);
			path = "Use Cases";
			sourceTree = "<group>";
		};
		0DA6CB052C37F89800FE1E61 /* Services */ = {
			isa = PBXGroup;
			children = (
				0DA6CB332C39583300FE1E61 /* ConnectivityService.swift */,
				0D500FC12C7355BD00395AEB /* NotificationService.swift */,
			);
			path = Services;
			sourceTree = "<group>";
		};
		0DA6CB112C382DC500FE1E61 /* Extensions */ = {
			isa = PBXGroup;
			children = (
			);
			path = Extensions;
			sourceTree = "<group>";
		};
		0DBA37192C31EF5B00209681 /* Root View */ = {
			isa = PBXGroup;
			children = (
				0DBA371A2C31EF6000209681 /* RootView.swift */,
				0DA6CB0E2C37F92E00FE1E61 /* RootViewModel.swift */,
			);
			path = "Root View";
			sourceTree = "<group>";
		};
		0DBA37392C32087300209681 /* WatchOS */ = {
			isa = PBXGroup;
			children = (
				0DA6CB1C2C38374D00FE1E61 /* WatchOS.entitlements */,
				0DA6CB1B2C38374500FE1E61 /* Info.plist */,
				0DBA374B2C320AD800209681 /* Application */,
				0DBA374A2C320AD200209681 /* Common UI */,
				0DA6CB112C382DC500FE1E61 /* Extensions */,
				0DBA37402C32087400209681 /* Preview Content */,
				0DBA374E2C320B1500209681 /* Resources */,
				0DBA37492C320ACB00209681 /* Scenes */,
				0DA6CB052C37F89800FE1E61 /* Services */,
				0DA6CB042C37F88200FE1E61 /* Use Cases */,
			);
			path = WatchOS;
			sourceTree = "<group>";
		};
		0DBA37402C32087400209681 /* Preview Content */ = {
			isa = PBXGroup;
			children = (
				0DBA37412C32087400209681 /* Preview Assets.xcassets */,
			);
			path = "Preview Content";
			sourceTree = "<group>";
		};
		0DBA37492C320ACB00209681 /* Scenes */ = {
			isa = PBXGroup;
			children = (
				0D2F82032C4665390004CD34 /* Root View */,
				0DA6CB082C37F8EA00FE1E61 /* ScenesContainer.swift */,
			);
			path = Scenes;
			sourceTree = "<group>";
		};
		0DBA374A2C320AD200209681 /* Common UI */ = {
			isa = PBXGroup;
			children = (
				0DBA374C2C320AF900209681 /* View Modifiers */,
				0DBA374D2C320B0000209681 /* Views */,
			);
			path = "Common UI";
			sourceTree = "<group>";
		};
		0DBA374B2C320AD800209681 /* Application */ = {
			isa = PBXGroup;
			children = (
				0DBA373A2C32087300209681 /* WatchOSApp.swift */,
			);
			path = Application;
			sourceTree = "<group>";
		};
		0DBA374C2C320AF900209681 /* View Modifiers */ = {
			isa = PBXGroup;
			children = (
			);
			path = "View Modifiers";
			sourceTree = "<group>";
		};
		0DBA374D2C320B0000209681 /* Views */ = {
			isa = PBXGroup;
			children = (
			);
			path = Views;
			sourceTree = "<group>";
		};
		0DBA374E2C320B1500209681 /* Resources */ = {
			isa = PBXGroup;
			children = (
				0DBA373E2C32087400209681 /* Assets.xcassets */,
			);
			path = Resources;
			sourceTree = "<group>";
		};
		0DC2D7E72C7C7DCC008122CC /* Home */ = {
			isa = PBXGroup;
			children = (
				0D456ABB2C808F9B0014CD81 /* Reviews List */,
				0D34C45F2C837F2900928C53 /* Widgets */,
				0DC2D7EA2C7C7DDA008122CC /* HomeView.swift */,
				0DC2D7E82C7C7DD7008122CC /* HomeViewModel.swift */,
			);
			path = Home;
			sourceTree = "<group>";
		};
		0DC3FDC92C2EDC8500335543 /* Use Cases */ = {
			isa = PBXGroup;
			children = (
				0D9E5F5E2C64C7A6005BA46C /* Review */,
				0D34C45C2C83681700928C53 /* Review Reminder */,
				0D500FF02C74B87700395AEB /* System */,
				0DD8588C2C7140C600061F63 /* Watch Communication */,
				0DA6CB062C37F8C400FE1E61 /* UseCasesContainer.swift */,
			);
			path = "Use Cases";
			sourceTree = "<group>";
		};
		0DC3FDCA2C2EDC8B00335543 /* Scenes */ = {
			isa = PBXGroup;
			children = (
				0D9AB0CD2C6E8B2800BB773F /* Create Review Reminder */,
				0D34C44C2C822F4800928C53 /* Edit Review */,
				0DC2D7E72C7C7DCC008122CC /* Home */,
				0DBA37192C31EF5B00209681 /* Root View */,
				0D0DE2D92C32DF1F00C54B0C /* ScenesContainer.swift */,
			);
			path = Scenes;
			sourceTree = "<group>";
		};
		0DC3FDCB2C2EDC9200335543 /* Services */ = {
			isa = PBXGroup;
			children = (
				0DA6CB312C39581400FE1E61 /* ConnectivityService.swift */,
				0D1016F12C57B229008AF31D /* HealthKitService.swift */,
				0D500FC32C73560A00395AEB /* NotificationService.swift */,
			);
			path = Services;
			sourceTree = "<group>";
		};
		0DC3FDCC2C2EDC9800335543 /* Resources */ = {
			isa = PBXGroup;
			children = (
				0D8C66372C2DA96100853EDE /* Assets.xcassets */,
			);
			path = Resources;
			sourceTree = "<group>";
		};
		0DC3FDCD2C2EDC9F00335543 /* Models */ = {
			isa = PBXGroup;
			children = (
				0D9AB0C62C6E093D00BB773F /* Persistence */,
				0D500FC92C7376A700395AEB /* Message.swift */,
			);
			path = Models;
			sourceTree = "<group>";
		};
		0DC3FDCE2C2EDCAB00335543 /* Extensions */ = {
			isa = PBXGroup;
			children = (
				0D9AB0C72C6E0C6200BB773F /* View+Extensions.swift */,
			);
			path = Extensions;
			sourceTree = "<group>";
		};
		0DC3FDD02C2EDCB400335543 /* Common UI */ = {
			isa = PBXGroup;
			children = (
				0DC3FDD52C2EDCE700335543 /* Formatters */,
				0DC3FDD42C2EDCE100335543 /* Styling */,
				0DC3FDD32C2EDCDC00335543 /* View Modifiers */,
				0DC3FDD22C2EDCD800335543 /* Views */,
			);
			path = "Common UI";
			sourceTree = "<group>";
		};
		0DC3FDD12C2EDCBA00335543 /* Application */ = {
			isa = PBXGroup;
			children = (
				0D8C66332C2DA96000853EDE /* iOSApp.swift */,
			);
			path = Application;
			sourceTree = "<group>";
		};
		0DC3FDD22C2EDCD800335543 /* Views */ = {
			isa = PBXGroup;
			children = (
				0D500FCF2C74920000395AEB /* Buttons */,
				0D34C4532C82643B00928C53 /* Sheets */,
				0D8203B52C6EA3D20023EE2D /* InfoBox.swift */,
				0D456AB52C7D0F2B0014CD81 /* Icon.swift */,
				0D8203B32C6E9D680023EE2D /* IconLabel.swift */,
				0D0FE4A32C7772C1002E001B /* IconLabelGroupBox.swift */,
			);
			path = Views;
			sourceTree = "<group>";
		};
		0DC3FDD32C2EDCDC00335543 /* View Modifiers */ = {
			isa = PBXGroup;
			children = (
				0D9AB0C92C6E0DA400BB773F /* KeyboardShowingViewModifier.swift */,
			);
			path = "View Modifiers";
			sourceTree = "<group>";
		};
		0DC3FDD42C2EDCE100335543 /* Styling */ = {
			isa = PBXGroup;
			children = (
			);
			path = Styling;
			sourceTree = "<group>";
		};
		0DC3FDD52C2EDCE700335543 /* Formatters */ = {
			isa = PBXGroup;
			children = (
			);
			path = Formatters;
			sourceTree = "<group>";
		};
		0DD8588C2C7140C600061F63 /* Watch Communication */ = {
			isa = PBXGroup;
			children = (
				0D96D7542C7130C700B62A4D /* InitializeConnectivityUseCase.swift */,
				0D500FC52C73567700395AEB /* TriggerWatchNotificationUseCase.swift */,
			);
			path = "Watch Communication";
			sourceTree = "<group>";
		};
		0DD8588D2C7140E400061F63 /* iOS Communication */ = {
			isa = PBXGroup;
			children = (
				0D96D7562C7130EB00B62A4D /* InitializeConnectivityUseCase.swift */,
			);
			path = "iOS Communication";
			sourceTree = "<group>";
		};
		0DD8588F2C71463A00061F63 /* Errors */ = {
			isa = PBXGroup;
			children = (
				0DD858932C71468700061F63 /* ConnectivityError.swift */,
				0DD858902C71465A00061F63 /* SessionError.swift */,
			);
			path = Errors;
			sourceTree = "<group>";
		};
		0DDD33772C7B609200A0B091 /* iOSTests */ = {
			isa = PBXGroup;
			children = (
				0DDD33922C7B622700A0B091 /* Mocks */,
				0DDD338F2C7B60FC00A0B091 /* Services Tests */,
				0DDD33902C7B611300A0B091 /* View Models Tests */,
				0DDD338E2C7B60F500A0B091 /* Use Cases Tests */,
				0DDD33912C7B612300A0B091 /* Utilities Tests */,
			);
			path = iOSTests;
			sourceTree = "<group>";
		};
		0DDD33842C7B60A900A0B091 /* WatchOSTests */ = {
			isa = PBXGroup;
			children = (
				0DDD33852C7B60A900A0B091 /* MindfulPacerWatchTests.swift */,
			);
			path = WatchOSTests;
			sourceTree = "<group>";
		};
		0DDD338E2C7B60F500A0B091 /* Use Cases Tests */ = {
			isa = PBXGroup;
			children = (
				0DDD33A32C7BBF0100A0B091 /* AddDefaultCategoriesUseCaseTests.swift */,
			);
			path = "Use Cases Tests";
			sourceTree = "<group>";
		};
		0DDD338F2C7B60FC00A0B091 /* Services Tests */ = {
			isa = PBXGroup;
			children = (
			);
			path = "Services Tests";
			sourceTree = "<group>";
		};
		0DDD33902C7B611300A0B091 /* View Models Tests */ = {
			isa = PBXGroup;
			children = (
				0DDD33972C7B63C600A0B091 /* CreateReviewViewModelTests.swift */,
			);
			path = "View Models Tests";
			sourceTree = "<group>";
		};
		0DDD33912C7B612300A0B091 /* Utilities Tests */ = {
			isa = PBXGroup;
			children = (
			);
			path = "Utilities Tests";
			sourceTree = "<group>";
		};
		0DDD33922C7B622700A0B091 /* Mocks */ = {
			isa = PBXGroup;
			children = (
				0DDD33932C7B625700A0B091 /* MockCreateReviewUseCase.swift */,
				0DDD33A12C7BB98800A0B091 /* MockFetchDefaultCategoriesUseCase.swift */,
			);
			path = Mocks;
			sourceTree = "<group>";
		};
		0DDD33992C7BB6CB00A0B091 /* Resources */ = {
			isa = PBXGroup;
			children = (
				0DDD336C2C7B5D8E00A0B091 /* Assets.xcassets */,
				0DDD336D2C7B5D8E00A0B091 /* Localizable.xcstrings */,
			);
			path = Resources;
			sourceTree = "<group>";
		};
		0DDD339A2C7BB6EF00A0B091 /* Common UI */ = {
			isa = PBXGroup;
			children = (
				0DDD339B2C7BB6F400A0B091 /* Styling */,
				0DDD339C2C7BB6FA00A0B091 /* View Modifiers */,
			);
			path = "Common UI";
			sourceTree = "<group>";
		};
		0DDD339B2C7BB6F400A0B091 /* Styling */ = {
			isa = PBXGroup;
			children = (
			);
			path = Styling;
			sourceTree = "<group>";
		};
		0DDD339C2C7BB6FA00A0B091 /* View Modifiers */ = {
			isa = PBXGroup;
			children = (
				0DDD33622C7B5D8E00A0B091 /* OnViewFirstAppearModifier.swift */,
				0DDD33632C7B5D8E00A0B091 /* View+Modifiers.swift */,
			);
			path = "View Modifiers";
			sourceTree = "<group>";
		};
/* End PBXGroup section */

/* Begin PBXNativeTarget section */
		0D8C662F2C2DA96000853EDE /* iOS */ = {
			isa = PBXNativeTarget;
			buildConfigurationList = 0D8C663E2C2DA96100853EDE /* Build configuration list for PBXNativeTarget "iOS" */;
			buildPhases = (
				0D8C662C2C2DA96000853EDE /* Sources */,
				0D8C662D2C2DA96000853EDE /* Frameworks */,
				0D8C662E2C2DA96000853EDE /* Resources */,
				0DBA37332C3207FB00209681 /* Embed Watch Content */,
			);
			buildRules = (
			);
			dependencies = (
				0DBA37442C32087400209681 /* PBXTargetDependency */,
			);
			name = iOS;
			packageProductDependencies = (
				0D0DE2D52C32DEB100C54B0C /* Factory */,
				0D500FD72C7492F700395AEB /* SystemNotification */,
			);
			productName = MindfulPacer;
			productReference = 0D8C66302C2DA96000853EDE /* iOS.app */;
			productType = "com.apple.product-type.application";
		};
		0DBA37372C32087300209681 /* WatchOS */ = {
			isa = PBXNativeTarget;
			buildConfigurationList = 0DBA37462C32087400209681 /* Build configuration list for PBXNativeTarget "WatchOS" */;
			buildPhases = (
				0DBA37342C32087300209681 /* Sources */,
				0DBA37352C32087300209681 /* Frameworks */,
				0DBA37362C32087300209681 /* Resources */,
			);
			buildRules = (
			);
			dependencies = (
			);
			name = WatchOS;
			packageProductDependencies = (
				0D0DE2D72C32DEE900C54B0C /* Factory */,
			);
			productName = "WatchOS Watch App";
			productReference = 0DBA37382C32087300209681 /* WatchOS.app */;
			productType = "com.apple.product-type.application";
		};
		0DDD33752C7B609200A0B091 /* MindfulPacerTests */ = {
			isa = PBXNativeTarget;
			buildConfigurationList = 0DDD337E2C7B609200A0B091 /* Build configuration list for PBXNativeTarget "MindfulPacerTests" */;
			buildPhases = (
				0DDD33722C7B609200A0B091 /* Sources */,
				0DDD33732C7B609200A0B091 /* Frameworks */,
				0DDD33742C7B609200A0B091 /* Resources */,
			);
			buildRules = (
			);
			dependencies = (
				0DDD337B2C7B609200A0B091 /* PBXTargetDependency */,
			);
			name = MindfulPacerTests;
			productName = MindfulPacerTests;
			productReference = 0DDD33762C7B609200A0B091 /* MindfulPacerTests.xctest */;
			productType = "com.apple.product-type.bundle.unit-test";
		};
		0DDD33822C7B60A900A0B091 /* MindfulPacerWatchTests */ = {
			isa = PBXNativeTarget;
			buildConfigurationList = 0DDD33892C7B60A900A0B091 /* Build configuration list for PBXNativeTarget "MindfulPacerWatchTests" */;
			buildPhases = (
				0DDD337F2C7B60A900A0B091 /* Sources */,
				0DDD33802C7B60A900A0B091 /* Frameworks */,
				0DDD33812C7B60A900A0B091 /* Resources */,
			);
			buildRules = (
			);
			dependencies = (
				0DDD33882C7B60A900A0B091 /* PBXTargetDependency */,
			);
			name = MindfulPacerWatchTests;
			productName = MindfulPacerWatchTests;
			productReference = 0DDD33832C7B60A900A0B091 /* MindfulPacerWatchTests.xctest */;
			productType = "com.apple.product-type.bundle.unit-test";
		};
/* End PBXNativeTarget section */

/* Begin PBXProject section */
		0D8C66282C2DA96000853EDE /* Project object */ = {
			isa = PBXProject;
			attributes = {
				BuildIndependentTargetsInParallel = 1;
				LastSwiftUpdateCheck = 1600;
				LastUpgradeCheck = 1600;
				TargetAttributes = {
					0D8C662F2C2DA96000853EDE = {
						CreatedOnToolsVersion = 15.4;
					};
					0DBA37372C32087300209681 = {
						CreatedOnToolsVersion = 15.4;
					};
					0DDD33752C7B609200A0B091 = {
						CreatedOnToolsVersion = 16.0;
						LastSwiftMigration = 1600;
						TestTargetID = 0D8C662F2C2DA96000853EDE;
					};
					0DDD33822C7B60A900A0B091 = {
						CreatedOnToolsVersion = 16.0;
						TestTargetID = 0DBA37372C32087300209681;
					};
				};
			};
			buildConfigurationList = 0D8C662B2C2DA96000853EDE /* Build configuration list for PBXProject "MindfulPacer" */;
			compatibilityVersion = "Xcode 14.0";
			developmentRegion = en;
			hasScannedForEncodings = 0;
			knownRegions = (
				en,
				Base,
				de,
				fr,
				it,
			);
			mainGroup = 0D8C66272C2DA96000853EDE;
			packageReferences = (
				0D0DE2D42C32DEB100C54B0C /* XCRemoteSwiftPackageReference "Factory" */,
				0D500FD62C7492F700395AEB /* XCRemoteSwiftPackageReference "SystemNotification" */,
			);
			productRefGroup = 0D8C66312C2DA96000853EDE /* Products */;
			projectDirPath = "";
			projectRoot = "";
			targets = (
				0D8C662F2C2DA96000853EDE /* iOS */,
				0DBA37372C32087300209681 /* WatchOS */,
				0DDD33752C7B609200A0B091 /* MindfulPacerTests */,
				0DDD33822C7B60A900A0B091 /* MindfulPacerWatchTests */,
			);
		};
/* End PBXProject section */

/* Begin PBXResourcesBuildPhase section */
		0D8C662E2C2DA96000853EDE /* Resources */ = {
			isa = PBXResourcesBuildPhase;
			buildActionMask = 2147483647;
			files = (
				0D8C663B2C2DA96100853EDE /* Preview Assets.xcassets in Resources */,
				0DDD336E2C7B5D8E00A0B091 /* Localizable.xcstrings in Resources */,
				0DDD336F2C7B5D8E00A0B091 /* Assets.xcassets in Resources */,
				0D8C66382C2DA96100853EDE /* Assets.xcassets in Resources */,
			);
			runOnlyForDeploymentPostprocessing = 0;
		};
		0DBA37362C32087300209681 /* Resources */ = {
			isa = PBXResourcesBuildPhase;
			buildActionMask = 2147483647;
			files = (
				0DBA37422C32087400209681 /* Preview Assets.xcassets in Resources */,
				0DDD33702C7B5D8E00A0B091 /* Localizable.xcstrings in Resources */,
				0DDD33712C7B5D8E00A0B091 /* Assets.xcassets in Resources */,
				0DBA373F2C32087400209681 /* Assets.xcassets in Resources */,
			);
			runOnlyForDeploymentPostprocessing = 0;
		};
		0DDD33742C7B609200A0B091 /* Resources */ = {
			isa = PBXResourcesBuildPhase;
			buildActionMask = 2147483647;
			files = (
			);
			runOnlyForDeploymentPostprocessing = 0;
		};
		0DDD33812C7B60A900A0B091 /* Resources */ = {
			isa = PBXResourcesBuildPhase;
			buildActionMask = 2147483647;
			files = (
			);
			runOnlyForDeploymentPostprocessing = 0;
		};
/* End PBXResourcesBuildPhase section */

/* Begin PBXSourcesBuildPhase section */
		0D8C662C2C2DA96000853EDE /* Sources */ = {
			isa = PBXSourcesBuildPhase;
			buildActionMask = 2147483647;
			files = (
				0D9AB0D12C6E8B3D00BB773F /* CreateReviewReminderView.swift in Sources */,
				0DA6CB0F2C37F92E00FE1E61 /* RootViewModel.swift in Sources */,
				0D500FE82C749AA300395AEB /* RatingSelectionView.swift in Sources */,
				0DBA371B2C31EF6000209681 /* RootView.swift in Sources */,
				0D9D8A822C83A3DE00DFFF00 /* DeleteReviewUseCase.swift in Sources */,
				0D0FE4A42C7772C1002E001B /* IconLabelGroupBox.swift in Sources */,
				0D500FE32C7498E300395AEB /* ReviewCategoryView.swift in Sources */,
				0D500FCA2C7376A700395AEB /* Message.swift in Sources */,
				0D456AB02C7D07460014CD81 /* FetchReviewsUseCase.swift in Sources */,
				0D4EBE4C2C72865F00C1865D /* SummaryView.swift in Sources */,
				0D34C4612C837F4400928C53 /* StepsWidget.swift in Sources */,
				0D4EBE462C727F8900C1865D /* IntervalView.swift in Sources */,
				0D0DE2DA2C32DF1F00C54B0C /* ScenesContainer.swift in Sources */,
				0DA6CB072C37F8C400FE1E61 /* UseCasesContainer.swift in Sources */,
				0D456AC02C80F1BC0014CD81 /* Previewer.swift in Sources */,
				0D9AB0D42C6E8EA500BB773F /* ReviewReminder.swift in Sources */,
				0D9E5F5B2C64BD17005BA46C /* Review.swift in Sources */,
				0D8203B42C6E9D680023EE2D /* IconLabel.swift in Sources */,
				0D8C66342C2DA96000853EDE /* iOSApp.swift in Sources */,
				0D1016F22C57B229008AF31D /* HealthKitService.swift in Sources */,
				0D4EBE402C727E9F00C1865D /* ThresholdView.swift in Sources */,
				0D500FC62C73567700395AEB /* TriggerWatchNotificationUseCase.swift in Sources */,
				0D9AB0A82C6B7C6E00BB773F /* SelectableButton.swift in Sources */,
				0D4EBE392C727C7A00C1865D /* MeasurementTypeView.swift in Sources */,
				0D456ABD2C808FA40014CD81 /* ReviewsListView.swift in Sources */,
				0D34C4652C837FE100928C53 /* ReviewsWidget.swift in Sources */,
				0D456AB22C7D077C0014CD81 /* FetchReviewRemindersUseCase.swift in Sources */,
				0D5EA1A52C4D806600527AB0 /* SchemaV1.swift in Sources */,
				0DDD33662C7B5D8E00A0B091 /* OnViewFirstAppearModifier.swift in Sources */,
				0DDD33682C7B5D8E00A0B091 /* View+Modifiers.swift in Sources */,
				0D9AB0C52C6D529000BB773F /* CreateReviewUseCase.swift in Sources */,
				0D34C4672C838BD700928C53 /* AlarmTypeWidget.swift in Sources */,
				0D9AB0CA2C6E0DA400BB773F /* KeyboardShowingViewModifier.swift in Sources */,
				0D500FEB2C749B2700395AEB /* ReviewMoodView.swift in Sources */,
				0D9E5F602C64C7B7005BA46C /* AddDefaultCategoriesUseCase.swift in Sources */,
				0D9AB0AD2C6B8BE700BB773F /* Optional+Extensions.swift in Sources */,
				0DFCA1D22C623FB40000C87C /* EditReviewViewModel.swift in Sources */,
				0D500FEE2C749C5300395AEB /* ProcessInfo+Extensions.swift in Sources */,
				0D9AB0C82C6E0C6200BB773F /* View+Extensions.swift in Sources */,
				0D4EBE362C727B6200C1865D /* InfoSheet.swift in Sources */,
				0D9AB0C32C6D501C00BB773F /* PrimaryButton.swift in Sources */,
				0D8203B62C6EA3D20023EE2D /* InfoBox.swift in Sources */,
				0D9AB0CF2C6E8B3600BB773F /* CreateReviewReminderViewModel.swift in Sources */,
				0DA6CB002C37F7A300FE1E61 /* DataContainer.swift in Sources */,
				0DD858942C71468700061F63 /* ConnectivityError.swift in Sources */,
				0D96D7552C7130C700B62A4D /* InitializeConnectivityUseCase.swift in Sources */,
				0DFCA1D02C623FAC0000C87C /* EditReviewView.swift in Sources */,
				0D34C45E2C83683200928C53 /* SaveReviewUseCase.swift in Sources */,
				0D9AB09A2C6B5DFA00BB773F /* FetchDefaultCategoriesUseCase.swift in Sources */,
				0D500FE52C749A3000395AEB /* ReviewSubcategoryView.swift in Sources */,
				0D500FF62C75242A00395AEB /* CreateReviewReminderUseCase.swift in Sources */,
				0D9AB0CC2C6E403000BB773F /* CloseButton.swift in Sources */,
				0D500FC42C73560A00395AEB /* NotificationService.swift in Sources */,
				0DC2D7E92C7C7DD7008122CC /* HomeViewModel.swift in Sources */,
				0DC2D7EB2C7C7DDA008122CC /* HomeView.swift in Sources */,
				0DA6CB322C39581400FE1E61 /* ConnectivityService.swift in Sources */,
				0D4EBE342C72784A00C1865D /* AlarmTypeView.swift in Sources */,
				0D456AB62C7D0F2B0014CD81 /* Icon.swift in Sources */,
				0DD858922C71465A00061F63 /* SessionError.swift in Sources */,
				0D34C4632C837F7D00928C53 /* HeartRateWidget.swift in Sources */,
			);
			runOnlyForDeploymentPostprocessing = 0;
		};
		0DBA37342C32087300209681 /* Sources */ = {
			isa = PBXSourcesBuildPhase;
			buildActionMask = 2147483647;
			files = (
				0D456AC22C80F1BC0014CD81 /* Previewer.swift in Sources */,
				0DA6CB092C37F8EA00FE1E61 /* ScenesContainer.swift in Sources */,
				0DD858952C71468700061F63 /* ConnectivityError.swift in Sources */,
				0DA6CB0B2C37F8FB00FE1E61 /* UseCasesContainer.swift in Sources */,
				0D9AB0D32C6E8EA500BB773F /* ReviewReminder.swift in Sources */,
				0D9AB0AC2C6B8BE700BB773F /* Optional+Extensions.swift in Sources */,
				0DBA373B2C32087300209681 /* WatchOSApp.swift in Sources */,
				0D9E5F5D2C64BE56005BA46C /* Review.swift in Sources */,
				0D500FC22C7355BD00395AEB /* NotificationService.swift in Sources */,
				0D2F82072C46654B0004CD34 /* RootViewModel.swift in Sources */,
				0D2F82052C46653E0004CD34 /* RootView.swift in Sources */,
				0DDD33692C7B5D8E00A0B091 /* OnViewFirstAppearModifier.swift in Sources */,
				0DDD336B2C7B5D8E00A0B091 /* View+Modifiers.swift in Sources */,
				0D96D7572C7130EB00B62A4D /* InitializeConnectivityUseCase.swift in Sources */,
				0D5EA1A42C4D806600527AB0 /* SchemaV1.swift in Sources */,
				0D500FC82C73582A00395AEB /* InitializeNotificationsUseCase.swift in Sources */,
				0DD858912C71465A00061F63 /* SessionError.swift in Sources */,
				0DA6CB342C39583300FE1E61 /* ConnectivityService.swift in Sources */,
				0D500FCB2C7376A700395AEB /* Message.swift in Sources */,
				0D500FED2C749C5300395AEB /* ProcessInfo+Extensions.swift in Sources */,
				0DA6CB012C37F7A300FE1E61 /* DataContainer.swift in Sources */,
			);
			runOnlyForDeploymentPostprocessing = 0;
		};
		0DDD33722C7B609200A0B091 /* Sources */ = {
			isa = PBXSourcesBuildPhase;
			buildActionMask = 2147483647;
			files = (
				0DDD339D2C7BB80E00A0B091 /* ReviewReminder.swift in Sources */,
				0DDD339E2C7BB80E00A0B091 /* SchemaV1.swift in Sources */,
				0DDD33A42C7BBF0100A0B091 /* AddDefaultCategoriesUseCaseTests.swift in Sources */,
				0D456AC12C80F1BC0014CD81 /* Previewer.swift in Sources */,
				0DDD33A22C7BB98800A0B091 /* MockFetchDefaultCategoriesUseCase.swift in Sources */,
				0DDD33942C7B625700A0B091 /* MockCreateReviewUseCase.swift in Sources */,
				0DDD33982C7B63C600A0B091 /* CreateReviewViewModelTests.swift in Sources */,
				0DDD33952C7B637000A0B091 /* Review.swift in Sources */,
			);
			runOnlyForDeploymentPostprocessing = 0;
		};
		0DDD337F2C7B60A900A0B091 /* Sources */ = {
			isa = PBXSourcesBuildPhase;
			buildActionMask = 2147483647;
			files = (
				0DDD33862C7B60A900A0B091 /* MindfulPacerWatchTests.swift in Sources */,
				0DDD339F2C7BB80E00A0B091 /* ReviewReminder.swift in Sources */,
				0DDD33A02C7BB80E00A0B091 /* SchemaV1.swift in Sources */,
				0DDD33962C7B637000A0B091 /* Review.swift in Sources */,
				0D456ABF2C80F1BC0014CD81 /* Previewer.swift in Sources */,
			);
			runOnlyForDeploymentPostprocessing = 0;
		};
/* End PBXSourcesBuildPhase section */

/* Begin PBXTargetDependency section */
		0DBA37442C32087400209681 /* PBXTargetDependency */ = {
			isa = PBXTargetDependency;
			target = 0DBA37372C32087300209681 /* WatchOS */;
			targetProxy = 0DBA37432C32087400209681 /* PBXContainerItemProxy */;
		};
		0DDD337B2C7B609200A0B091 /* PBXTargetDependency */ = {
			isa = PBXTargetDependency;
			target = 0D8C662F2C2DA96000853EDE /* iOS */;
			targetProxy = 0DDD337A2C7B609200A0B091 /* PBXContainerItemProxy */;
		};
		0DDD33882C7B60A900A0B091 /* PBXTargetDependency */ = {
			isa = PBXTargetDependency;
			target = 0DBA37372C32087300209681 /* WatchOS */;
			targetProxy = 0DDD33872C7B60A900A0B091 /* PBXContainerItemProxy */;
		};
/* End PBXTargetDependency section */

/* Begin XCBuildConfiguration section */
		0D8C663C2C2DA96100853EDE /* Debug */ = {
			isa = XCBuildConfiguration;
			buildSettings = {
				ALWAYS_SEARCH_USER_PATHS = NO;
				ASSETCATALOG_COMPILER_GENERATE_SWIFT_ASSET_SYMBOL_EXTENSIONS = YES;
				CLANG_ANALYZER_LOCALIZABILITY_NONLOCALIZED = YES;
				CLANG_ANALYZER_NONNULL = YES;
				CLANG_ANALYZER_NUMBER_OBJECT_CONVERSION = YES_AGGRESSIVE;
				CLANG_CXX_LANGUAGE_STANDARD = "gnu++20";
				CLANG_ENABLE_MODULES = YES;
				CLANG_ENABLE_OBJC_ARC = YES;
				CLANG_ENABLE_OBJC_WEAK = YES;
				CLANG_WARN_BLOCK_CAPTURE_AUTORELEASING = YES;
				CLANG_WARN_BOOL_CONVERSION = YES;
				CLANG_WARN_COMMA = YES;
				CLANG_WARN_CONSTANT_CONVERSION = YES;
				CLANG_WARN_DEPRECATED_OBJC_IMPLEMENTATIONS = YES;
				CLANG_WARN_DIRECT_OBJC_ISA_USAGE = YES_ERROR;
				CLANG_WARN_DOCUMENTATION_COMMENTS = YES;
				CLANG_WARN_EMPTY_BODY = YES;
				CLANG_WARN_ENUM_CONVERSION = YES;
				CLANG_WARN_INFINITE_RECURSION = YES;
				CLANG_WARN_INT_CONVERSION = YES;
				CLANG_WARN_NON_LITERAL_NULL_CONVERSION = YES;
				CLANG_WARN_OBJC_IMPLICIT_RETAIN_SELF = YES;
				CLANG_WARN_OBJC_LITERAL_CONVERSION = YES;
				CLANG_WARN_OBJC_ROOT_CLASS = YES_ERROR;
				CLANG_WARN_QUOTED_INCLUDE_IN_FRAMEWORK_HEADER = YES;
				CLANG_WARN_RANGE_LOOP_ANALYSIS = YES;
				CLANG_WARN_STRICT_PROTOTYPES = YES;
				CLANG_WARN_SUSPICIOUS_MOVE = YES;
				CLANG_WARN_UNGUARDED_AVAILABILITY = YES_AGGRESSIVE;
				CLANG_WARN_UNREACHABLE_CODE = YES;
				CLANG_WARN__DUPLICATE_METHOD_MATCH = YES;
				COPY_PHASE_STRIP = NO;
				DEBUG_INFORMATION_FORMAT = dwarf;
				ENABLE_STRICT_OBJC_MSGSEND = YES;
				ENABLE_TESTABILITY = YES;
				ENABLE_USER_SCRIPT_SANDBOXING = YES;
				GCC_C_LANGUAGE_STANDARD = gnu17;
				GCC_DYNAMIC_NO_PIC = NO;
				GCC_NO_COMMON_BLOCKS = YES;
				GCC_OPTIMIZATION_LEVEL = 0;
				GCC_PREPROCESSOR_DEFINITIONS = (
					"DEBUG=1",
					"$(inherited)",
				);
				GCC_WARN_64_TO_32_BIT_CONVERSION = YES;
				GCC_WARN_ABOUT_RETURN_TYPE = YES_ERROR;
				GCC_WARN_UNDECLARED_SELECTOR = YES;
				GCC_WARN_UNINITIALIZED_AUTOS = YES_AGGRESSIVE;
				GCC_WARN_UNUSED_FUNCTION = YES;
				GCC_WARN_UNUSED_VARIABLE = YES;
				IPHONEOS_DEPLOYMENT_TARGET = 17.5;
				LOCALIZATION_PREFERS_STRING_CATALOGS = YES;
				MTL_ENABLE_DEBUG_INFO = INCLUDE_SOURCE;
				MTL_FAST_MATH = YES;
				ONLY_ACTIVE_ARCH = YES;
				SDKROOT = iphoneos;
				SWIFT_ACTIVE_COMPILATION_CONDITIONS = "DEBUG $(inherited)";
				SWIFT_OPTIMIZATION_LEVEL = "-Onone";
			};
			name = Debug;
		};
		0D8C663D2C2DA96100853EDE /* Release */ = {
			isa = XCBuildConfiguration;
			buildSettings = {
				ALWAYS_SEARCH_USER_PATHS = NO;
				ASSETCATALOG_COMPILER_GENERATE_SWIFT_ASSET_SYMBOL_EXTENSIONS = YES;
				CLANG_ANALYZER_LOCALIZABILITY_NONLOCALIZED = YES;
				CLANG_ANALYZER_NONNULL = YES;
				CLANG_ANALYZER_NUMBER_OBJECT_CONVERSION = YES_AGGRESSIVE;
				CLANG_CXX_LANGUAGE_STANDARD = "gnu++20";
				CLANG_ENABLE_MODULES = YES;
				CLANG_ENABLE_OBJC_ARC = YES;
				CLANG_ENABLE_OBJC_WEAK = YES;
				CLANG_WARN_BLOCK_CAPTURE_AUTORELEASING = YES;
				CLANG_WARN_BOOL_CONVERSION = YES;
				CLANG_WARN_COMMA = YES;
				CLANG_WARN_CONSTANT_CONVERSION = YES;
				CLANG_WARN_DEPRECATED_OBJC_IMPLEMENTATIONS = YES;
				CLANG_WARN_DIRECT_OBJC_ISA_USAGE = YES_ERROR;
				CLANG_WARN_DOCUMENTATION_COMMENTS = YES;
				CLANG_WARN_EMPTY_BODY = YES;
				CLANG_WARN_ENUM_CONVERSION = YES;
				CLANG_WARN_INFINITE_RECURSION = YES;
				CLANG_WARN_INT_CONVERSION = YES;
				CLANG_WARN_NON_LITERAL_NULL_CONVERSION = YES;
				CLANG_WARN_OBJC_IMPLICIT_RETAIN_SELF = YES;
				CLANG_WARN_OBJC_LITERAL_CONVERSION = YES;
				CLANG_WARN_OBJC_ROOT_CLASS = YES_ERROR;
				CLANG_WARN_QUOTED_INCLUDE_IN_FRAMEWORK_HEADER = YES;
				CLANG_WARN_RANGE_LOOP_ANALYSIS = YES;
				CLANG_WARN_STRICT_PROTOTYPES = YES;
				CLANG_WARN_SUSPICIOUS_MOVE = YES;
				CLANG_WARN_UNGUARDED_AVAILABILITY = YES_AGGRESSIVE;
				CLANG_WARN_UNREACHABLE_CODE = YES;
				CLANG_WARN__DUPLICATE_METHOD_MATCH = YES;
				COPY_PHASE_STRIP = NO;
				DEBUG_INFORMATION_FORMAT = "dwarf-with-dsym";
				ENABLE_NS_ASSERTIONS = NO;
				ENABLE_STRICT_OBJC_MSGSEND = YES;
				ENABLE_USER_SCRIPT_SANDBOXING = YES;
				GCC_C_LANGUAGE_STANDARD = gnu17;
				GCC_NO_COMMON_BLOCKS = YES;
				GCC_WARN_64_TO_32_BIT_CONVERSION = YES;
				GCC_WARN_ABOUT_RETURN_TYPE = YES_ERROR;
				GCC_WARN_UNDECLARED_SELECTOR = YES;
				GCC_WARN_UNINITIALIZED_AUTOS = YES_AGGRESSIVE;
				GCC_WARN_UNUSED_FUNCTION = YES;
				GCC_WARN_UNUSED_VARIABLE = YES;
				IPHONEOS_DEPLOYMENT_TARGET = 17.5;
				LOCALIZATION_PREFERS_STRING_CATALOGS = YES;
				MTL_ENABLE_DEBUG_INFO = NO;
				MTL_FAST_MATH = YES;
				SDKROOT = iphoneos;
				SWIFT_COMPILATION_MODE = wholemodule;
				VALIDATE_PRODUCT = YES;
			};
			name = Release;
		};
		0D8C663F2C2DA96100853EDE /* Debug */ = {
			isa = XCBuildConfiguration;
			buildSettings = {
				ASSETCATALOG_COMPILER_APPICON_NAME = AppIcon;
				ASSETCATALOG_COMPILER_GLOBAL_ACCENT_COLOR_NAME = AccentColor;
				CODE_SIGN_ENTITLEMENTS = iOS/iOS.entitlements;
				CODE_SIGN_IDENTITY = "Apple Development";
				CODE_SIGN_STYLE = Automatic;
				CURRENT_PROJECT_VERSION = 1;
				DEVELOPMENT_ASSET_PATHS = "\"iOS/Preview Content\"";
				DEVELOPMENT_TEAM = Y9D7H5XKKW;
				ENABLE_PREVIEWS = YES;
				GENERATE_INFOPLIST_FILE = YES;
				INFOPLIST_FILE = iOS/Info.plist;
				INFOPLIST_KEY_CFBundleDisplayName = MindfulPacer;
				INFOPLIST_KEY_LSApplicationCategoryType = "public.app-category.healthcare-fitness";
				INFOPLIST_KEY_UIApplicationSceneManifest_Generation = YES;
				INFOPLIST_KEY_UIApplicationSupportsIndirectInputEvents = YES;
				INFOPLIST_KEY_UILaunchScreen_Generation = YES;
				INFOPLIST_KEY_UISupportedInterfaceOrientations_iPad = "UIInterfaceOrientationPortrait UIInterfaceOrientationPortraitUpsideDown UIInterfaceOrientationLandscapeLeft UIInterfaceOrientationLandscapeRight";
				INFOPLIST_KEY_UISupportedInterfaceOrientations_iPhone = "UIInterfaceOrientationPortrait UIInterfaceOrientationLandscapeLeft UIInterfaceOrientationLandscapeRight";
				IPHONEOS_DEPLOYMENT_TARGET = 18.0;
				LD_RUNPATH_SEARCH_PATHS = (
					"$(inherited)",
					"@executable_path/Frameworks",
				);
				MARKETING_VERSION = 1.0;
				PRODUCT_BUNDLE_IDENTIFIER = com.MindfulPacer.Apple.iOS;
				PRODUCT_NAME = "$(TARGET_NAME)";
				PROVISIONING_PROFILE_SPECIFIER = "";
				SWIFT_EMIT_LOC_STRINGS = YES;
				SWIFT_STRICT_CONCURRENCY = complete;
				SWIFT_VERSION = 6.0;
				TARGETED_DEVICE_FAMILY = "1,2";
			};
			name = Debug;
		};
		0D8C66402C2DA96100853EDE /* Release */ = {
			isa = XCBuildConfiguration;
			buildSettings = {
				ASSETCATALOG_COMPILER_APPICON_NAME = AppIcon;
				ASSETCATALOG_COMPILER_GLOBAL_ACCENT_COLOR_NAME = AccentColor;
				CODE_SIGN_ENTITLEMENTS = iOS/iOS.entitlements;
				CODE_SIGN_IDENTITY = "Apple Development";
				CODE_SIGN_STYLE = Automatic;
				CURRENT_PROJECT_VERSION = 1;
				DEVELOPMENT_ASSET_PATHS = "\"iOS/Preview Content\"";
				DEVELOPMENT_TEAM = Y9D7H5XKKW;
				ENABLE_PREVIEWS = YES;
				GENERATE_INFOPLIST_FILE = YES;
				INFOPLIST_FILE = iOS/Info.plist;
				INFOPLIST_KEY_CFBundleDisplayName = MindfulPacer;
				INFOPLIST_KEY_LSApplicationCategoryType = "public.app-category.healthcare-fitness";
				INFOPLIST_KEY_UIApplicationSceneManifest_Generation = YES;
				INFOPLIST_KEY_UIApplicationSupportsIndirectInputEvents = YES;
				INFOPLIST_KEY_UILaunchScreen_Generation = YES;
				INFOPLIST_KEY_UISupportedInterfaceOrientations_iPad = "UIInterfaceOrientationPortrait UIInterfaceOrientationPortraitUpsideDown UIInterfaceOrientationLandscapeLeft UIInterfaceOrientationLandscapeRight";
				INFOPLIST_KEY_UISupportedInterfaceOrientations_iPhone = "UIInterfaceOrientationPortrait UIInterfaceOrientationLandscapeLeft UIInterfaceOrientationLandscapeRight";
				IPHONEOS_DEPLOYMENT_TARGET = 18.0;
				LD_RUNPATH_SEARCH_PATHS = (
					"$(inherited)",
					"@executable_path/Frameworks",
				);
				MARKETING_VERSION = 1.0;
				PRODUCT_BUNDLE_IDENTIFIER = com.MindfulPacer.Apple.iOS;
				PRODUCT_NAME = "$(TARGET_NAME)";
				PROVISIONING_PROFILE_SPECIFIER = "";
				SWIFT_EMIT_LOC_STRINGS = YES;
				SWIFT_STRICT_CONCURRENCY = complete;
				SWIFT_VERSION = 6.0;
				TARGETED_DEVICE_FAMILY = "1,2";
			};
			name = Release;
		};
		0DBA37472C32087400209681 /* Debug */ = {
			isa = XCBuildConfiguration;
			buildSettings = {
				ASSETCATALOG_COMPILER_APPICON_NAME = AppIcon;
				ASSETCATALOG_COMPILER_GLOBAL_ACCENT_COLOR_NAME = AccentColor;
				CODE_SIGN_ENTITLEMENTS = WatchOS/WatchOS.entitlements;
				CODE_SIGN_STYLE = Automatic;
				CURRENT_PROJECT_VERSION = 1;
				DEVELOPMENT_ASSET_PATHS = "\"WatchOS/Preview Content\"";
				DEVELOPMENT_TEAM = Y9D7H5XKKW;
				ENABLE_PREVIEWS = YES;
				GENERATE_INFOPLIST_FILE = YES;
				INFOPLIST_FILE = WatchOS/Info.plist;
				INFOPLIST_KEY_CFBundleDisplayName = MindfulPacer;
				INFOPLIST_KEY_NSHealthShareUsageDescription = "Need access to health data for heart rate and step count.";
				INFOPLIST_KEY_NSHealthUpdateUsageDescription = "Need access to health data for heart rate and step count.";
				INFOPLIST_KEY_UISupportedInterfaceOrientations = "UIInterfaceOrientationPortrait UIInterfaceOrientationPortraitUpsideDown";
				INFOPLIST_KEY_WKCompanionAppBundleIdentifier = com.MindfulPacer.Apple.iOS;
				LD_RUNPATH_SEARCH_PATHS = (
					"$(inherited)",
					"@executable_path/Frameworks",
				);
				MARKETING_VERSION = 1.0;
				PRODUCT_BUNDLE_IDENTIFIER = com.MindfulPacer.Apple.iOS.WatchOS;
				PRODUCT_NAME = "$(TARGET_NAME)";
				SDKROOT = watchos;
				SKIP_INSTALL = YES;
				SWIFT_EMIT_LOC_STRINGS = YES;
				SWIFT_VERSION = 6.0;
				TARGETED_DEVICE_FAMILY = 4;
				WATCHOS_DEPLOYMENT_TARGET = 11.0;
			};
			name = Debug;
		};
		0DBA37482C32087400209681 /* Release */ = {
			isa = XCBuildConfiguration;
			buildSettings = {
				ASSETCATALOG_COMPILER_APPICON_NAME = AppIcon;
				ASSETCATALOG_COMPILER_GLOBAL_ACCENT_COLOR_NAME = AccentColor;
				CODE_SIGN_ENTITLEMENTS = WatchOS/WatchOS.entitlements;
				CODE_SIGN_STYLE = Automatic;
				CURRENT_PROJECT_VERSION = 1;
				DEVELOPMENT_ASSET_PATHS = "\"WatchOS/Preview Content\"";
				DEVELOPMENT_TEAM = Y9D7H5XKKW;
				ENABLE_PREVIEWS = YES;
				GENERATE_INFOPLIST_FILE = YES;
				INFOPLIST_FILE = WatchOS/Info.plist;
				INFOPLIST_KEY_CFBundleDisplayName = MindfulPacer;
				INFOPLIST_KEY_NSHealthShareUsageDescription = "Need access to health data for heart rate and step count.";
				INFOPLIST_KEY_NSHealthUpdateUsageDescription = "Need access to health data for heart rate and step count.";
				INFOPLIST_KEY_UISupportedInterfaceOrientations = "UIInterfaceOrientationPortrait UIInterfaceOrientationPortraitUpsideDown";
				INFOPLIST_KEY_WKCompanionAppBundleIdentifier = com.MindfulPacer.Apple.iOS;
				LD_RUNPATH_SEARCH_PATHS = (
					"$(inherited)",
					"@executable_path/Frameworks",
				);
				MARKETING_VERSION = 1.0;
				PRODUCT_BUNDLE_IDENTIFIER = com.MindfulPacer.Apple.iOS.WatchOS;
				PRODUCT_NAME = "$(TARGET_NAME)";
				SDKROOT = watchos;
				SKIP_INSTALL = YES;
				SWIFT_EMIT_LOC_STRINGS = YES;
				SWIFT_VERSION = 6.0;
				TARGETED_DEVICE_FAMILY = 4;
				WATCHOS_DEPLOYMENT_TARGET = 11.0;
			};
			name = Release;
		};
		0DDD337C2C7B609200A0B091 /* Debug */ = {
			isa = XCBuildConfiguration;
			buildSettings = {
				BUNDLE_LOADER = "$(TEST_HOST)";
				CLANG_ENABLE_MODULES = YES;
				CODE_SIGN_STYLE = Automatic;
				CURRENT_PROJECT_VERSION = 1;
				DEFINES_MODULE = YES;
				DEVELOPMENT_TEAM = Y9D7H5XKKW;
				GENERATE_INFOPLIST_FILE = YES;
				IPHONEOS_DEPLOYMENT_TARGET = 18.0;
				MARKETING_VERSION = 1.0;
				PRODUCT_BUNDLE_IDENTIFIER = dochev.grigor.MindfulPacerTests;
				PRODUCT_NAME = "$(TARGET_NAME)";
				SWIFT_EMIT_LOC_STRINGS = NO;
				SWIFT_OPTIMIZATION_LEVEL = "-Onone";
				SWIFT_VERSION = 5.0;
				TARGETED_DEVICE_FAMILY = "1,2";
				TEST_HOST = "$(BUILT_PRODUCTS_DIR)/iOS.app/$(BUNDLE_EXECUTABLE_FOLDER_PATH)/iOS";
			};
			name = Debug;
		};
		0DDD337D2C7B609200A0B091 /* Release */ = {
			isa = XCBuildConfiguration;
			buildSettings = {
				BUNDLE_LOADER = "$(TEST_HOST)";
				CLANG_ENABLE_MODULES = YES;
				CODE_SIGN_STYLE = Automatic;
				CURRENT_PROJECT_VERSION = 1;
				DEFINES_MODULE = YES;
				DEVELOPMENT_TEAM = Y9D7H5XKKW;
				GENERATE_INFOPLIST_FILE = YES;
				IPHONEOS_DEPLOYMENT_TARGET = 18.0;
				MARKETING_VERSION = 1.0;
				PRODUCT_BUNDLE_IDENTIFIER = dochev.grigor.MindfulPacerTests;
				PRODUCT_NAME = "$(TARGET_NAME)";
				SWIFT_EMIT_LOC_STRINGS = NO;
				SWIFT_VERSION = 5.0;
				TARGETED_DEVICE_FAMILY = "1,2";
				TEST_HOST = "$(BUILT_PRODUCTS_DIR)/iOS.app/$(BUNDLE_EXECUTABLE_FOLDER_PATH)/iOS";
			};
			name = Release;
		};
		0DDD338A2C7B60A900A0B091 /* Debug */ = {
			isa = XCBuildConfiguration;
			buildSettings = {
				BUNDLE_LOADER = "$(TEST_HOST)";
				CODE_SIGN_STYLE = Automatic;
				CURRENT_PROJECT_VERSION = 1;
				DEVELOPMENT_TEAM = Y9D7H5XKKW;
				GENERATE_INFOPLIST_FILE = YES;
				MARKETING_VERSION = 1.0;
				PRODUCT_BUNDLE_IDENTIFIER = dochev.grigor.MindfulPacerWatchTests;
				PRODUCT_NAME = "$(TARGET_NAME)";
				SDKROOT = watchos;
				SWIFT_EMIT_LOC_STRINGS = NO;
				SWIFT_VERSION = 5.0;
				TARGETED_DEVICE_FAMILY = 4;
				TEST_HOST = "$(BUILT_PRODUCTS_DIR)/WatchOS.app/$(BUNDLE_EXECUTABLE_FOLDER_PATH)/WatchOS";
				WATCHOS_DEPLOYMENT_TARGET = 11.0;
			};
			name = Debug;
		};
		0DDD338B2C7B60A900A0B091 /* Release */ = {
			isa = XCBuildConfiguration;
			buildSettings = {
				BUNDLE_LOADER = "$(TEST_HOST)";
				CODE_SIGN_STYLE = Automatic;
				CURRENT_PROJECT_VERSION = 1;
				DEVELOPMENT_TEAM = Y9D7H5XKKW;
				GENERATE_INFOPLIST_FILE = YES;
				MARKETING_VERSION = 1.0;
				PRODUCT_BUNDLE_IDENTIFIER = dochev.grigor.MindfulPacerWatchTests;
				PRODUCT_NAME = "$(TARGET_NAME)";
				SDKROOT = watchos;
				SWIFT_EMIT_LOC_STRINGS = NO;
				SWIFT_VERSION = 5.0;
				TARGETED_DEVICE_FAMILY = 4;
				TEST_HOST = "$(BUILT_PRODUCTS_DIR)/WatchOS.app/$(BUNDLE_EXECUTABLE_FOLDER_PATH)/WatchOS";
				WATCHOS_DEPLOYMENT_TARGET = 11.0;
			};
			name = Release;
		};
/* End XCBuildConfiguration section */

/* Begin XCConfigurationList section */
		0D8C662B2C2DA96000853EDE /* Build configuration list for PBXProject "MindfulPacer" */ = {
			isa = XCConfigurationList;
			buildConfigurations = (
				0D8C663C2C2DA96100853EDE /* Debug */,
				0D8C663D2C2DA96100853EDE /* Release */,
			);
			defaultConfigurationIsVisible = 0;
			defaultConfigurationName = Release;
		};
		0D8C663E2C2DA96100853EDE /* Build configuration list for PBXNativeTarget "iOS" */ = {
			isa = XCConfigurationList;
			buildConfigurations = (
				0D8C663F2C2DA96100853EDE /* Debug */,
				0D8C66402C2DA96100853EDE /* Release */,
			);
			defaultConfigurationIsVisible = 0;
			defaultConfigurationName = Release;
		};
		0DBA37462C32087400209681 /* Build configuration list for PBXNativeTarget "WatchOS" */ = {
			isa = XCConfigurationList;
			buildConfigurations = (
				0DBA37472C32087400209681 /* Debug */,
				0DBA37482C32087400209681 /* Release */,
			);
			defaultConfigurationIsVisible = 0;
			defaultConfigurationName = Release;
		};
		0DDD337E2C7B609200A0B091 /* Build configuration list for PBXNativeTarget "MindfulPacerTests" */ = {
			isa = XCConfigurationList;
			buildConfigurations = (
				0DDD337C2C7B609200A0B091 /* Debug */,
				0DDD337D2C7B609200A0B091 /* Release */,
			);
			defaultConfigurationIsVisible = 0;
			defaultConfigurationName = Release;
		};
		0DDD33892C7B60A900A0B091 /* Build configuration list for PBXNativeTarget "MindfulPacerWatchTests" */ = {
			isa = XCConfigurationList;
			buildConfigurations = (
				0DDD338A2C7B60A900A0B091 /* Debug */,
				0DDD338B2C7B60A900A0B091 /* Release */,
			);
			defaultConfigurationIsVisible = 0;
			defaultConfigurationName = Release;
		};
/* End XCConfigurationList section */

/* Begin XCRemoteSwiftPackageReference section */
		0D0DE2D42C32DEB100C54B0C /* XCRemoteSwiftPackageReference "Factory" */ = {
			isa = XCRemoteSwiftPackageReference;
			repositoryURL = "https://github.com/hmlongco/Factory.git";
			requirement = {
				kind = upToNextMajorVersion;
				minimumVersion = 2.3.2;
			};
		};
		0D500FD62C7492F700395AEB /* XCRemoteSwiftPackageReference "SystemNotification" */ = {
			isa = XCRemoteSwiftPackageReference;
			repositoryURL = "https://github.com/danielsaidi/SystemNotification.git";
			requirement = {
				kind = upToNextMajorVersion;
				minimumVersion = 1.1.1;
			};
		};
/* End XCRemoteSwiftPackageReference section */

/* Begin XCSwiftPackageProductDependency section */
		0D0DE2D52C32DEB100C54B0C /* Factory */ = {
			isa = XCSwiftPackageProductDependency;
			package = 0D0DE2D42C32DEB100C54B0C /* XCRemoteSwiftPackageReference "Factory" */;
			productName = Factory;
		};
		0D0DE2D72C32DEE900C54B0C /* Factory */ = {
			isa = XCSwiftPackageProductDependency;
			package = 0D0DE2D42C32DEB100C54B0C /* XCRemoteSwiftPackageReference "Factory" */;
			productName = Factory;
		};
		0D500FD72C7492F700395AEB /* SystemNotification */ = {
			isa = XCSwiftPackageProductDependency;
			package = 0D500FD62C7492F700395AEB /* XCRemoteSwiftPackageReference "SystemNotification" */;
			productName = SystemNotification;
		};
/* End XCSwiftPackageProductDependency section */
	};
	rootObject = 0D8C66282C2DA96000853EDE /* Project object */;
}
